github.com/RyuaNerin/go-krypto v1.3.0 h1:smavTzSMAx8iuVlGb4pEwl9MD2qicqMzuXR2QWp2/Pg=
github.com/RyuaNerin/go-krypto v1.3.0/go.mod h1:9R9TU936laAIqAmjcHo/LsaXYOZlymudOAxjaBf62UM=
github.com/RyuaNerin/testingutil v0.1.0 h1:IYT6JL57RV3U2ml3dLHZsVtPOP6yNK7WUVdzzlpNrss=
github.com/Yawning/aez v0.0.0-20211027044916-e49e68abd344 h1:cDVUiFo+npB0ZASqnw4q90ylaVAbnYyx0JYqK4YcGok=
github.com/Yawning/aez v0.0.0-20211027044916-e49e68abd344/go.mod h1:9pIqrY6SXNL8vjRQE5Hd/OL5GyK/9MrGUWs87z/eFfk=
github.com/ajg/form v1.7.1 h1:OsnBDzTkrWdrxvEnO68I72ZVGJGNaMwPhoAm0V+llgc=
github.com/ajg/form v1.7.1/go.mod h1:HL757PzLyNkj5AIfptT6L+iGNeXTlnrr/oDePGc/y7Q=
github.com/akutz/memconn v0.1.0 h1:NawI0TORU4hcOMsMr11g7vwlCdkYeLKXBcxWu2W/P8A=
github.com/akutz/memconn v0.1.0/go.mod h1:Jo8rI7m0NieZyLI5e2CDlRdRqRRB4S7Xp77ukDjH+Fw=
github.com/andybalholm/brotli v1.1.1 h1:PR2pgnyFznKEugtsUo0xLdDop5SKXd5Qf5ysW+7XdTA=
github.com/andybalholm/brotli v1.1.1/go.mod h1:05ib4cKhjx3OQYUY22hTVd34Bc8upXjOLL2rKwwZBoA=
github.com/bahlo/generic-list-go v0.2.0 h1:5sz/EEAK+ls5wF+NeqDpk5+iNdMDXrh3z3nPnH1Wvgk=
github.com/bahlo/generic-list-go v0.2.0/go.mod h1:2KvAjgMlE5NNynlg/5iLrrCCZ2+5xWbdbCW3pNTGyYg=
github.com/blang/semver v3.5.1+incompatible/go.mod h1:kRBLl5iJ+tD4TcOOxsy/0fnwebNt5EWlYSAyrTnjyyk=
github.com/bodgit/plumbing v1.3.0 h1:pf9Itz1JOQgn7vEOE7v7nlEfBykYqvUYioC61TwWCFU=
github.com/bodgit/plumbing v1.3.0/go.mod h1:JOTb4XiRu5xfnmdnDJo6GmSbSbtSyufrsyZFByMtKEs=
github.com/bodgit/windows v1.0.1 h1:tF7K6KOluPYygXa3Z2594zxlkbKPAOvqr97etrGNIz4=
github.com/bodgit/windows v1.0.1/go.mod h1:a6JLwrB4KrTR5hBpp8FI9/9W9jJfeQ2h4XDXU74ZCdM=
github.com/cilium/ebpf v0.12.3 h1:8ht6F9MquybnY97at+VDZb3eQQr8ev79RueWeVaEcG4=
github.com/coder/websocket v1.8.12 h1:5bUXkEPPIbewrnkU8LTCLVaxi4N4J8ahufH2vlo4NAo=
github.com/coder/websocket v1.8.12/go.mod h1:LNVeNrXQZfe5qhS9ALED3uA+l5pPqvwXg3CKoDBB2gs=
github.com/coreos/go-iptables v0.8.0 h1:MPc2P89IhuVpLI7ETL/2tx3XZ61VeICZjYqDEgNsPRc=
github.com/coreos/go-iptables v0.8.0/go.mod h1:Qe8Bv2Xik5FyTXwgIbLAnv2sWSBmvWdFETJConOQ//Q=
github.com/davecgh/go-spew v1.1.0/go.mod h1:J7Y8YcW2NihsgmVo/mv3lAwl/skON4iLHjSsI+c5H38=
github.com/davecgh/go-spew v1.1.1/go.mod h1:J7Y8YcW2NihsgmVo/mv3lAwl/skON4iLHjSsI+c5H38=
github.com/dlclark/regexp2 v1.12.0 h1:0j4c5qQmnC6XOWNjP3PIXURXN2gWx76rd3KvgdPkCz8=
github.com/dlclark/regexp2 v1.12.0/go.mod h1:DHkYz0B9wPfa6wondMfaivmHpzrQ3v9q8cnmRbL6yW8=
github.com/dunglas/httpsfv v1.0.2 h1:iERDp/YAfnojSDJ7PW3dj1AReJz4MrwbECSSE59JWL0=
github.com/dunglas/httpsfv v1.0.2/go.mod h1:zID2mqw9mFsnt7YC3vYQ9/cjq30q41W+1AnDwH8TiMg=
github.com/easytier/easytier/easytier-go v0.0.0-20260910071355-3d0c9c3ca5e2 h1:2/9iRUcMR3QPrT2XFf/i7QV5YoSHPFjkgBM5tP8xbcc=
github.com/easytier/easytier/easytier-go v0.0.0-20260910071355-3d0c9c3ca5e2/go.mod h1:fCEi5+K2yt+sPDONSWO1uNpOifrwPgFGvm3J0YrFRvk=
github.com/enfein/mieru/v3 v3.38.0 h1:+DuixHFoCGEYEopoEg8fHmDJ5Ak30PuXuf1GIh2Xpu0=
github.com/enfein/mieru/v3 v3.38.0/go.mod h1:zJBUCsi5rxyvHM8fjFf+GLaEl4OEjjBXr1s5F6Qd3hM=
github.com/ericlagergren/aegis v0.0.0-20250325060835-cd0defd64358 h1:kXYqH/sL8dS/FdoFjr12ePjnLPorPo2FsnrHNuXSDyo=
github.com/ericlagergren/aegis v0.0.0-20250325060835-cd0defd64358/go.mod h1:hkIFzoiIPZYxdFOOLyDho59b7SrDfo+w3h+yWdlg45I=
github.com/ericlagergren/polyval v0.0.0-20220411101811-e25bc10ba391 h1:8j2RH289RJplhA6WfdaPqzg1MjH2K8wX5e0uhAxrw2g=
github.com/ericlagergren/polyval v0.0.0-20220411101811-e25bc10ba391/go.mod h1:K2R7GhgxrlJzHw2qiPWsCZXf/kXEJN9PLnQK73Ll0po=
github.com/ericlagergren/saferand v0.0.0-20220206064634-960a4dd2bc5c h1:RUzBDdZ+e/HEe2Nh8lYsduiPAZygUfVXJn0Ncj5sHMg=
github.com/ericlagergren/siv v0.0.0-20220507050439-0b757b3aa5f1 h1:tlDMEdcPRQKBEz5nGDMvswiajqh7k8ogWRlhRwKy5mY=
github.com/ericlagergren/siv v0.0.0-20220507050439-0b757b3aa5f1/go.mod h1:4RfsapbGx2j/vU5xC/5/9qB3kn9Awp1YDiEnN43QrJ4=
github.com/ericlagergren/subtle v0.0.0-20220507045147-890d697da010 h1:fuGucgPk5dN6wzfnxl3D0D3rVLw4v2SbBT9jb4VnxzA=
github.com/ericlagergren/subtle v0.0.0-20220507045147-890d697da010/go.mod h1:JtBcj7sBuTTRupn7c2bFspMDIObMJsVK8TeUvpShPok=
github.com/frankban/quicktest v1.14.6 h1:7Xjx+VpznH+oBnejlPUj8oUpdxnVs4f8XU8WnHkI4W8=
github.com/fsnotify/fsnotify v1.9.0 h1:2Ml+OJNzbYCTzsxtv8vKSFD9PbJjmhYF14k/jKC7S9k=
github.com/fsnotify/fsnotify v1.9.0/go.mod h1:8jBTzvmWwFyi3Pb8djgCCO5IBqzKJ/Jwo8TRcHyHii0=
github.com/fxamacker/cbor/v2 v2.9.0 h1:NpKPmjDBgUfBms6tr6JZkTHtfFGcMKsw3eGcmD/sapM=
github.com/fxamacker/cbor/v2 v2.9.0/go.mod h1:vM4b+DJCtHn+zz7h3FFp/hDAI9WNWCsZj23V5ytsSxQ=
github.com/gaukas/godicttls v0.0.4 h1:NlRaXb3J6hAnTmWdsEKb9bcSBD6BvcIjdGdeb0zfXbk=
github.com/gaukas/godicttls v0.0.4/go.mod h1:l6EenT4TLWgTdwslVb4sEMOCf7Bv0JAK67deKr9/NCI=
github.com/github/fakeca v0.1.0 h1:Km/MVOFvclqxPM9dZBC4+QE564nU4gz4iZ0D9pMw28I=
github.com/go-ole/go-ole v1.3.0 h1:Dt6ye7+vXGIKZ7Xtk4s6/xVdGDQynvom7xCFEdWr6uE=
github.com/go-ole/go-ole v1.3.0/go.mod h1:5LS6F96DhAwUc7C+1HLexzMXY1xGRSryjyPPKW6zv78=
github.com/gobwas/httphead v0.1.0 h1:exrUm0f4YX0L7EBwZHuCF4GDp8aJfVeBrlLQrs6NqWU=
github.com/gobwas/httphead v0.1.0/go.mod h1:O/RXo79gxV8G+RqlR/otEwx4Q36zl9rqC5u12GKvMCM=
github.com/gobwas/pool v0.2.1 h1:xfeeEhW7pwmX8nuLVlqbzVc7udMDrwetjEv+TZIz1og=
github.com/gobwas/pool v0.2.1/go.mod h1:q8bcK0KcYlCgd9e7WYLm9LpyS+YeLd8JVDW6WezmKEw=
github.com/gobwas/ws v1.4.0 h1:CTaoG1tojrh4ucGPcoJFiAQUAsEWekEWvLy7GsVNqGs=
github.com/gobwas/ws v1.4.0/go.mod h1:G3gNqMNtPppf5XUz7O4shetPpcZ1VJ7zt18dlUeakrc=
github.com/gofrs/uuid/v5 v5.4.0 h1:EfbpCTjqMuGyq5ZJwxqzn3Cbr2d0rUZU7v5ycAk/e/0=
github.com/gofrs/uuid/v5 v5.4.0/go.mod h1:CDOjlDMVAtN56jqyRUZh58JT31Tiw7/oQyEXZV+9bD8=
github.com/golang/groupcache v0.0.0-20241129210726-2c02b8208cf8 h1:f+oWsMOmNPc8JmEHVZIycC7hBoQxHH9pNKQORJNozsQ=
github.com/golang/groupcache v0.0.0-20241129210726-2c02b8208cf8/go.mod h1:wcDNUvekVysuuOpQKo3191zZyTpiI6se1N1ULghS0sw=
github.com/golang/protobuf v1.3.1/go.mod h1:6lQm79b+lXiMfvg/cZm0SGofjICqVBUtrP5yJMmIC1U=
github.com/golang/snappy v1.0.0 h1:Oy607GVXHs7RtbggtPBnr2RmDArIsAefDwvrdWvRhGs=
github.com/golang/snappy v1.0.0/go.mod h1:/XxbfmMg8lxefKM7IXC3fBNl/7bRcc72aCRzEWrmP2Q=
github.com/google/btree v1.1.3 h1:CVpQJjYgC4VbzxeGVHfvZrv1ctoYCAI8vbl07Fcxlyg=
github.com/google/btree v1.1.3/go.mod h1:qOPhT0dTNdNzV6Z/lhRX0YXUafgPLFUh+gZMl761Gm4=
github.com/google/go-cmp v0.6.0 h1:ofyhxvXcZhMsU5ulbFiLKl/XBFqE1GSq7atu8tAmTRI=
github.com/google/go-cmp v0.6.0/go.mod h1:17dUlkBOakJ0+DkrSSNjCkIjxS6bF9zb3elmeNGIjoY=
github.com/google/pprof v0.0.0-20240727154555-813a5fbdbec8 h1:FKHo8hFI3A+7w0aUQuYXQ+6EN5stWmeY/AZqtM8xk9k=
github.com/google/pprof v0.0.0-20240727154555-813a5fbdbec8/go.mod h1:K1liHPHnj73Fdn/EKuT8nrFqBihUSKXoLYU0BuatOYo=
github.com/google/tink/go v1.6.1 h1:t7JHqO8Ath2w2ig5vjwQYJzhGEZymedQc90lQXUBa4I=
github.com/hashicorp/golang-lru/v2 v2.0.7 h1:a+bsQ5rvGLjzHuww6tVxozPZFVghXaHOwFs4luLUK2k=
github.com/hashicorp/golang-lru/v2 v2.0.7/go.mod h1:QeFd9opnmA6QUJc5vARoKUSoFhyfM2/ZepoAG6RGpeM=
github.com/insomniacslk/dhcp v0.0.0-20250109001534-8abf58130905 h1:q3OEI9RaN/wwcx+qgGo6ZaoJkCiDYe/gjDLfq7lQQF4=
github.com/insomniacslk/dhcp v0.0.0-20250109001534-8abf58130905/go.mod h1:VvGYjkZoJyKqlmT1yzakUs4mfKMNB0XdODP0+rdml6k=
github.com/josharian/native v1.0.1-0.20221213033349-c1e37c09b531/go.mod h1:7X/raswPFr05uY3HiLlYeyQntB6OO7E/d2Cu7qoaN2w=
github.com/josharian/native v1.1.0 h1:uuaP0hAbW7Y4l0ZRQ6C9zfb7Mg1mbFKry/xzDAfmtLA=
github.com/josharian/native v1.1.0/go.mod h1:7X/raswPFr05uY3HiLlYeyQntB6OO7E/d2Cu7qoaN2w=
github.com/jsimonetti/rtnetlink v1.4.0 h1:Z1BF0fRgcETPEa0Kt0MRk3yV5+kF1FWTni6KUFKrq2I=
github.com/jsimonetti/rtnetlink v1.4.0/go.mod h1:5W1jDvWdnthFJ7fxYX1GMK07BUpI4oskfOqvPteYS6E=
github.com/klauspost/compress v1.17.9 h1:6KIumPrER1LHsvBVuDa0r5xaG0Es51mhhB9BQB2qeMA=
github.com/klauspost/compress v1.17.9/go.mod h1:Di0epgTjJY877eYKx5yC51cX2A2Vl2ibi7bDH9ttBbw=
github.com/klauspost/cpuid/v2 v2.2.6 h1:ndNyv040zDGIDh8thGkXYjnFtiN02M1PVVF+JE/48xc=
github.com/klauspost/cpuid/v2 v2.2.6/go.mod h1:Lcz8mBdAVJIBVzewtcLocK12l3Y+JytZYpaMropDUws=
github.com/klauspost/reedsolomon v1.12.3 h1:tzUznbfc3OFwJaTebv/QdhnFf2Xvb7gZ24XaHLBPmdc=
github.com/klauspost/reedsolomon v1.12.3/go.mod h1:3K5rXwABAvzGeR01r6pWZieUALXO/Tq7bFKGIb4m4WI=
github.com/kr/pretty v0.3.1 h1:flRD4NNwYAUpkphVc1HcthR4KEIFJ65n8Mw5qdRn3LE=
github.com/kr/text v0.2.0 h1:5Nx0Ya0ZqY2ygV366QzturHI13Jq95ApcVaJBhpS+AY=
github.com/mdlayher/netlink v1.7.2 h1:/UtM3ofJap7Vl4QWCPDGXY8d3GIY2UGSDbK+QWmY8/g=
github.com/mdlayher/netlink v1.7.2/go.mod h1:xraEF7uJbxLhc5fpHL4cPe221LI2bdttWlU+ZGLfQSw=
github.com/mdlayher/socket v0.5.1 h1:VZaqt6RkGkt2OE9l3GcC6nZkqD3xKeQLyfleW/uBcos=
github.com/mdlayher/socket v0.5.1/go.mod h1:TjPLHI1UgwEv5J1B5q0zTZq12A/6H7nKmtTanQE37IQ=
github.com/metacubex/age v0.0.0-20260603010618-28d156b4ea78 h1:LqWr0vb9zDNuQS+jJd4fnRYk/SEI7KJ7TDe/L4WFK48=
github.com/metacubex/age v0.0.0-20260603010618-28d156b4ea78/go.mod h1:BTBG/iVY7rg3qq5WdVCg0GFk58CSvCDSbjy8I7kEx/c=
github.com/metacubex/amneziawg-go v0.0.0-20260908071407-0c1c6f40ecd7 h1:OJa/EzqUNScl8X4UCUfG5DDqRdEds89k2XwzBZrnqcE=
github.com/metacubex/amneziawg-go v0.0.0-20260908071407-0c1c6f40ecd7/go.mod h1:MsM/5czONyXMJ3PRr5DbQ4O/BxzAnJWOIcJdLzW6qHY=
github.com/metacubex/ascon v0.1.0 h1:6ZWxmXYszT1XXtwkf6nxfFhc/OTtQ9R3Vyj1jN32lGM=
github.com/metacubex/ascon v0.1.0/go.mod h1:eV5oim4cVPPdEL8/EYaTZ0iIKARH9pnhAK/fcT5Kacc=
github.com/metacubex/bart v0.29.0 h1:yVc/lLdDqn+7FShI0qUghStHl0/d3mn4EH/I5R5niKk=
github.com/metacubex/bart v0.29.0/go.mod h1:DCcyfP4MC+Zy7sLK7XeGuMw+P5K9mIRsYOBgiE8icsI=
github.com/metacubex/bbolt v0.0.0-20260706163408-d4ec34ad7c48 h1:D+AoQ7g/ZeZAHAapelrZB0xUNRcDGuoNLcGmHCnC9Ss=
github.com/metacubex/bbolt v0.0.0-20260706163408-d4ec34ad7c48/go.mod h1:yOfzykxfYIEVOtEys6KOKwxy75M2I/KtOQ+p3Kzc8/k=
github.com/metacubex/blake3 v0.1.0 h1:KGnjh/56REO7U+cgZA8dnBhxdP7jByrG7hTP+bu6cqY=
github.com/metacubex/blake3 v0.1.0/go.mod h1:CCkLdzFrqf7xmxCdhQFvJsRRV2mwOLDoSPg6vUTB9Uk=
github.com/metacubex/chacha v0.1.5 h1:fKWMb/5c7ZrY8Uoqi79PPFxl+qwR7X/q0OrsAubyX2M=
github.com/metacubex/chacha v0.1.5/go.mod h1:Djn9bPZxLTXbJFSeyo0/qzEzQI+gUSSzttuzZM75GH8=
github.com/metacubex/chi v0.1.1 h1:GajmCIXSIPAZNxqTTYpkCrkY9suBz9wjIdgPcoQ5K1A=
github.com/metacubex/chi v0.1.1/go.mod h1:/CvDXe8jZD/ecU8Y7fmS5XKLRR44UDmC6/IBkRIb6Z4=
github.com/metacubex/connect-ip-go v0.0.0-20260727083417-67ccdb0cf771 h1:nLGBvwQ2vmsD+gU/XWBQH3xaYCM3vQCJIqPfw3mc/L0=
github.com/metacubex/connect-ip-go v0.0.0-20260727083417-67ccdb0cf771/go.mod h1:9FjDcopUc+tgUva3dauAVzrYPHd0rant+zkvyECzkMg=
github.com/metacubex/cpu v0.1.2 h1:xJHPWLkGilSWm6vEvzz8Loe+UusODRkVnuXz96TWAZo=
github.com/metacubex/cpu v0.1.2/go.mod h1:09VEt4dSRLR+bOA8l4w4NDuzGZ8n5dkMv7e8axgEeTU=
github.com/metacubex/edwards25519 v1.2.0 h1:pIQZLBsjQgg3Nl/c86YYFEUAbL5qQRnPq4LrgIw0KK4=
github.com/metacubex/edwards25519 v1.2.0/go.mod h1:NCQF3J/Ki7382FJuokwsywEIIEI/gro/3smyXgQJsx0=
github.com/metacubex/fswatch v0.1.1 h1:jqU7C/v+g0qc2RUFgmAOPoVvfl2BXXUXEumn6oQuxhU=
github.com/metacubex/fswatch v0.1.1/go.mod h1:czrTT7Zlbz7vWft8RQu9Qqh+JoX+Nnb+UabuyN1YsgI=
github.com/metacubex/gopacket v1.1.20-0.20230608035415-7e2f98a3e759 h1:cjd4biTvOzK9ubNCCkQ+ldc4YSH/rILn53l/xGBFHHI=
github.com/metacubex/gopacket v1.1.20-0.20230608035415-7e2f98a3e759/go.mod h1:UHOv2xu+RIgLwpXca7TLrXleEd4oR3sPatW6IF8wU88=
github.com/metacubex/gvisor v0.0.0-20260922041103-e2cbcd6e7400 h1:r9YO+xZUWi+xQROzdYkKL2twoliSJh34vOHMVAqsaL8=
github.com/metacubex/gvisor v0.0.0-20260922041103-e2cbcd6e7400/go.mod h1:mBJW3UXUusd8ZYO5M6mig0uScIey9iIubgdIiQAk2ug=
github.com/metacubex/hkdf v0.1.0 h1:fPA6VzXK8cU1foc/TOmGCDmSa7pZbxlnqhl3RNsthaA=
github.com/metacubex/hkdf v0.1.0/go.mod h1:3seEfds3smgTAXqUGn+tgEJH3uXdsUjOiduG/2EtvZ4=
github.com/metacubex/hpke v0.1.0 h1:gu2jUNhraehWi0P/z5HX2md3d7L1FhPQE6/Q0E9r9xQ=
github.com/metacubex/hpke v0.1.0/go.mod h1:vfDm6gfgrwlXUxKDkWbcE44hXtmc1uxLDm2BcR11b3U=
github.com/metacubex/http v0.1.8 h1:d91onDan2ZXYE8W/uAy5oFmXHH2xi1L7LbGPV5EmCM0=
github.com/metacubex/http v0.1.8/go.mod h1:Nxx0zZAo2AhRfanyL+fmmK6ACMtVsfpwIl1aFAik2Eg=
github.com/metacubex/jls-quic-go v0.0.0-20260727080412-732f2fc9a34d h1:OF3TUGKdHRrRMp7nb0Pa72QYwKPol9NqSy2yTcP2Sog=
github.com/metacubex/jls-quic-go v0.0.0-20260727080412-732f2fc9a34d/go.mod h1:dH8StPlpZ7atSUuTnfTnRXvJK22nOtQVimNwQ9Gmk58=
github.com/metacubex/jls-tls v0.0.0-20260723084315-67adc0e2f796 h1:1iI4np/Dm1ztCfTW2LoN166O6n728HXMc11aIazYdps=
github.com/metacubex/jls-tls v0.0.0-20260723084315-67adc0e2f796/go.mod h1:mmqs889W/TqPlfNRDa2UyJvRiLyiTJIEnWHkcj3SKB8=
github.com/metacubex/jsonv2 v0.0.0-20260721082349-16b4998c8f89 h1:v41RWXQbmSD1wqOuoN5VvRHo78wuSziG/bbsLdeH2TQ=
github.com/metacubex/jsonv2 v0.0.0-20260721082349-16b4998c8f89/go.mod h1:F4sVXat6QjPXkNsKRDyyG3BhSkxPFFnRPEIwmmyCgbg=
github.com/metacubex/kcp-go v0.0.0-20260105040817-550693377604 h1:hJwCVlE3ojViC35MGHB+FBr8TuIf3BUFn2EQ1VIamsI=
github.com/metacubex/kcp-go v0.0.0-20260105040817-550693377604/go.mod h1:lpmN3m269b3V5jFCWtffqBLS4U3QQoIid9ugtO+OhVc=
github.com/metacubex/mhurl v0.1.0 h1:ZdW4Zxe3j3uJ89gNytOazHu6kbHn5owutN/VfXOI8GE=
github.com/metacubex/mhurl v0.1.0/go.mod h1:2qpQImCbXoUs6GwJrjuEXKelPyoimsIXr07eNKZdS00=
github.com/metacubex/mipstack v0.0.0-20260930071539-961d4b1c1983 h1:BGb9PDJrrZSsDnJyeFWFY9v6uTr6/LxokQgwuHVAsDI=
github.com/metacubex/mipstack v0.0.0-20260930071539-961d4b1c1983/go.mod h1:+bbwALZI0pbi2auSG5A3ptdpV2DZ2eLObziXo+P7oj0=
github.com/metacubex/mlkem v0.1.0 h1:wFClitonSFcmipzzQvax75beLQU+D7JuC+VK1RzSL8I=
github.com/metacubex/mlkem v0.1.0/go.mod h1:amhaXZVeYNShuy9BILcR7P0gbeo/QLZsnqCdL8U2PDQ=
github.com/metacubex/nftables v0.0.0-20260426003805-208c2c1ba2cb h1:wk6mHYPURSUvWcUv72gNP79oiylFsscBSDPJ6ieV6Iw=
github.com/metacubex/nftables v0.0.0-20260426003805-208c2c1ba2cb/go.mod h1:73ZrCfhdkW4F2E2GAlta3km/S2RHhFNogCMtWZV2anQ=
github.com/metacubex/protobuf-go v0.0.0-20260306035419-7ceee0674686 h1:PIXmYT2anQt9V8vdmwixtbIJxOpoPXJfIACHPjXEgnE=
github.com/metacubex/protobuf-go v0.0.0-20260306035419-7ceee0674686/go.mod h1:eQV7juxFZIdRgjMxtVqP+6BssKoTZQ1RM0fc58BsCZY=
github.com/metacubex/qpack v0.6.0 h1:YqClGIMOpiRYLjV1qOs483Od08MdPgRnHjt90FuaAKw=
github.com/metacubex/qpack v0.6.0/go.mod h1:lKGSi7Xk94IMvHGOmxS9eIei3bvIqpOAImEBsaOwTkA=
github.com/metacubex/quic-go v0.61.1-0.20260727080200-2548683b76f4 h1:7oX6CpHVqoUXNyyt0MTuO5ywd1qVe1S1t3jXWMW7bYc=
github.com/metacubex/quic-go v0.61.1-0.20260727080200-2548683b76f4/go.mod h1:KTmibo7vZo0gCxdFWrPEQ/u/RGt92mJkrXDE2Qg2/AU=
github.com/metacubex/randv2 v0.2.0 h1:uP38uBvV2SxYfLj53kuvAjbND4RUDfFJjwr4UigMiLs=
github.com/metacubex/randv2 v0.2.0/go.mod h1:kFi2SzrQ5WuneuoLLCMkABtiBu6VRrMrWFqSPyj2cxY=
github.com/metacubex/restls-client-go v0.1.9 h1:QmLKwVFuAjB6rL9lQNKj8CuwHqGMJjV36oskeBPEtVs=
github.com/metacubex/restls-client-go v0.1.9/go.mod h1:BN/U52vPw7j8VTSh2vleD/MnmVKCov84mS5VcjVHH4g=
github.com/metacubex/sevenzip v1.6.4 h1:OIL+DeOeSAbKNsjqxcYUMiarRmX6Kaxakb0GT7E9Oik=
github.com/metacubex/sevenzip v1.6.4/go.mod h1:FP3X9bzFKj9wPxifGN9B3w2fIEicMjzKYIGIhnu+1pw=
github.com/metacubex/sing v0.5.8 h1:OwJDSPP+pza6Ywt7NMR4kEYq+UNrsIywSk/eAMlqxz8=
github.com/metacubex/sing v0.5.8/go.mod h1:ypf0mjwlZm0sKdQSY+yQvmsbWa0hNPtkeqyRMGgoN+w=
github.com/metacubex/sing-mux v0.3.12 h1:80jrJsGgRW7ZHpJCRpwJhG3yzT5muEHIWjaOsDJZ2wE=
github.com/metacubex/sing-mux v0.3.12/go.mod h1:8bT7ZKT3clRrJjYc/x5CRYibC1TX/bK73a3r3+2E+Fc=
github.com/metacubex/sing-quic v0.0.0-20260904234848-1c242664697a h1:qZzQwtWDrPU1LXoMow0/iLHY3mb7uauS/mho8hYcenE=
github.com/metacubex/sing-quic v0.0.0-20260904234848-1c242664697a/go.mod h1:6ayFGfzzBE85csgQkM3gf4neFq6s0losHlPRSxY+nuk=
github.com/metacubex/sing-shadowsocks v0.2.13 h1:PKmInHy9+4nY3FLhmKcWdASUBo9WZ/KrSPWjNpGaUTQ=
github.com/metacubex/sing-shadowsocks v0.2.13/go.mod h1:2e5EIaw0rxKrm1YTRmiMnDulwbGxH9hAFlrwQLQMQkU=
github.com/metacubex/sing-shadowsocks2 v0.2.8 h1:6MoODu7BAcnwIC0w9muq+2LZVz01wWD07L5IRhOty9Q=
github.com/metacubex/sing-shadowsocks2 v0.2.8/go.mod h1:vOEbfKC60txi0ca+yUlqEwOGc3Obl6cnSgx9Gf45KjE=
github.com/metacubex/sing-tun v0.4.27 h1:dWCpFDlWelQrhH3y5KkMrJXEXYeJ0V2LROP8Cxv96MI=
github.com/metacubex/sing-tun v0.4.27/go.mod h1:5nlmrOy+FG0yhiLm+O/pzmirZVrpLuDQZuA+qI9x5kg=
github.com/metacubex/sing-vmess v0.2.5 h1:m9Zt5I27lB9fmLMZfism9sH2LcnAfShZfwSkf6/KJoE=
github.com/metacubex/sing-vmess v0.2.5/go.mod h1:AwtlzUgf8COe9tRYAKqWZ+leDH7p5U98a0ZUpYehl8Q=
github.com/metacubex/sing-wireguard v0.0.0-20260826105301-c3ae17d19f9e h1:KGKZt//rrELT/dEwgYcHCqNYEGr3a7uVutlZrzrZZWY=
github.com/metacubex/sing-wireguard v0.0.0-20260826105301-c3ae17d19f9e/go.mod h1:OiYj4hitKrN1YIrgGHXp6zKnc9asCspF+SrYlLN2hYQ=
github.com/metacubex/smux v0.0.0-20260105030934-d0c8756d3141 h1:DK2l6m2Fc85H2BhiAPgbJygiWhesPlfGmF+9Vw6ARdk=
github.com/metacubex/smux v0.0.0-20260105030934-d0c8756d3141/go.mod h1:/yI4OiGOSn0SURhZdJF3CbtPg3nwK700bG8TZLMBvAg=
github.com/metacubex/ssh v0.1.0 h1:iGfr99qk/eMHzUnQ/0bTxXT8+8SWqLSHBWDHoAhngzw=
github.com/metacubex/ssh v0.1.0/go.mod h1:NUtl0d+/f2cG9ECEpMM8iCVOpmggQlC13oLeDUONDlU=
github.com/metacubex/tailscale v0.0.0-20260821153257-ff0ecd818181 h1:hWsSSzuCHe+WvPV1zhoJ8gXTXbp/5nhpPKxtpqgIXu0=
github.com/metacubex/tailscale v0.0.0-20260821153257-ff0ecd818181/go.mod h1:fMMYScJPYt8Ss3D4VhontA2uV2N9NPZbbXsPP6LgQeo=
github.com/metacubex/tailscale-wireguard-go v0.0.0-20260725073821-e61ab99cede2 h1:nKyLVJEU4jsLVx+rdqbDUbEKTX/Sdu161AeVoZC9tlY=
github.com/metacubex/tailscale-wireguard-go v0.0.0-20260725073821-e61ab99cede2/go.mod h1:W00EeoPdd2jbV3+ZUa0m2b7FdKx5B1LFsXvEpy7cToQ=
github.com/metacubex/tfo-go v0.0.0-20260623020846-376a77860b8c h1:+2C1UshSLzaogLY/IDz1XhOLxjhs3rkhVHB4eCN9Zto=
github.com/metacubex/tfo-go v0.0.0-20260623020846-376a77860b8c/go.mod h1:l9oLnLoEXyGZ5RVLsh7QCC5XsouTUyKk4F2nLm2DHLw=
github.com/metacubex/tls v0.1.8 h1:BHF2payjtxC7wdR3tnq8vl3FAgEQB6/pPjP2tJNTsP4=
github.com/metacubex/tls v0.1.8/go.mod h1:0XeVdL0cBw+8i5Hqy3lVeP9IyD/LFTq02ExvHM6rzEM=
github.com/metacubex/utls v1.8.8 h1:7fiMYahL+tT1I/vG1MWidv88r/3A5NnPrurjzApZGyQ=
github.com/metacubex/utls v1.8.8/go.mod h1:kncGGVhFaoGn5M3pFe3SXhZCzsbCJayNOH4UEqTKTko=
github.com/metacubex/wazero v0.0.0-20260628025728-9ae6bdcf2a7d h1:UMFI+kdp0jA8s9tC7oul0pWeTW6s8lnm0dD5PT+RY14=
github.com/metacubex/wazero v0.0.0-20260628025728-9ae6bdcf2a7d/go.mod h1:p48xp436h1oGfoXuEnVONeDhTW+E2UpY94GAVxA62oI=
github.com/metacubex/wireguard-go v0.0.0-20250820062549-a6cecdd7f57f h1:FGBPRb1zUabhPhDrlKEjQ9lgIwQ6cHL4x8M9lrERhbk=
github.com/metacubex/wireguard-go v0.0.0-20250820062549-a6cecdd7f57f/go.mod h1:oPGcV994OGJedmmxrcK9+ni7jUEMGhR+uVQAdaduIP4=
github.com/metacubex/yamux v0.0.0-20250918083631-dd5f17c0be49 h1:lhlqpYHopuTLx9xQt22kSA9HtnyTDmk5XjjQVCGHe2E=
github.com/metacubex/yamux v0.0.0-20250918083631-dd5f17c0be49/go.mod h1:MBeEa9IVBphH7vc3LNtW6ZujVXFizotPo3OEiHQ+TNU=
github.com/metacubex/zerotier-go v0.0.0-20260813124750-13fa6f45da5f h1:OS35JZobxU+AUv+9EjH/ULiKwyGciSK98n1CmxitDFo=
github.com/metacubex/zerotier-go v0.0.0-20260813124750-13fa6f45da5f/go.mod h1:8LxQupX5KaZ6lIcBMdaJ3u5xx7+OIRyq87uyyFA1Yto=
github.com/miekg/dns v1.1.63 h1:8M5aAw6OMZfFXTT7K5V0Eu5YiiL8l7nUAkyN6C9YwaY=
github.com/miekg/dns v1.1.63/go.mod h1:6NGHfjhpmr5lt3XPLuyfDJi5AXbNIPM9PY6H6sF1Nfs=
github.com/mitchellh/go-ps v1.0.0 h1:i6ampVEEF4wQFF+bkYfwYgY+F/uYJDktmvLPf7qIgjc=
github.com/mitchellh/go-ps v1.0.0/go.mod h1:J4lOc8z8yJs6vUwklHw2XEIiT4z4C40KtWVN3nvg8Pg=
github.com/mroth/weightedrand/v2 v2.1.0 h1:o1ascnB1CIVzsqlfArQQjeMy1U0NcIbBO5rfd5E/OeU=
github.com/mroth/weightedrand/v2 v2.1.0/go.mod h1:f2faGsfOGOwc1p94wzHKKZyTpcJUW7OJ/9U4yfiNAOU=
github.com/oasisprotocol/deoxysii v0.0.0-20220228165953-2091330c22b7 h1:1102pQc2SEPp5+xrS26wEaeb26sZy6k9/ZXlZN+eXE4=
github.com/oasisprotocol/deoxysii v0.0.0-20220228165953-2091330c22b7/go.mod h1:UqoUn6cHESlliMhOnKLWr+CBH+e3bazUPvFj1XZwAjs=
github.com/openacid/errors v0.8.1/go.mod h1:GUQEJJOJE3W9skHm8E8Y4phdl2LLEN8iD7c5gcGgdx0=
github.com/openacid/low v0.1.21 h1:Tr2GNu4N/+rGRYdOsEHOE89cxUIaDViZbVmKz29uKGo=
github.com/openacid/low v0.1.21/go.mod h1:q+MsKI6Pz2xsCkzV4BLj7NR5M4EX0sGz5AqotpZDVh0=
github.com/openacid/must v0.1.3/go.mod h1:luPiXCuJlEo3UUFQngVQokV0MPGryeYvtCbQPs3U1+I=
github.com/openacid/testkeys v0.1.6/go.mod h1:MfA7cACzBpbiwekivj8StqX0WIRmqlMsci1c37CA3Do=
github.com/oschwald/maxminddb-golang v1.12.0 h1:9FnTOD0YOhP7DGxGsq4glzpGy5+w7pq50AS6wALUMYs=
github.com/oschwald/maxminddb-golang v1.12.0/go.mod h1:q0Nob5lTCqyQ8WT6FYgS1L7PXKVVbgiymefNwIjPzgY=
github.com/pierrec/lz4/v4 v4.1.14/go.mod h1:gZWDp/Ze/IJXGXf23ltt2EXimqmTUXEy0GFuRQyBid4=
github.com/pierrec/lz4/v4 v4.1.27 h1:+PhzhWDrjRj89TH2sw43nE3+4+W8lSxIuQadEHZyjUk=
github.com/pierrec/lz4/v4 v4.1.27/go.mod h1:EoQMVJgeeEOMsCqCzqFm2O0cJvljX2nGZjcRIPL34O4=
github.com/pires/go-proxyproto v0.8.0 h1:5unRmEAPbHXHuLjDg01CxJWf91cw3lKHc/0xzKpXEe0=
github.com/pires/go-proxyproto v0.8.0/go.mod h1:iknsfgnH8EkjrMeMyvfKByp9TiBZCKZM0jx2xmKqnVY=
github.com/pkg/errors v0.9.1/go.mod h1:bwawxfHBFNV+L2hUp1rHADufV3IMtnDRdf1r5NINEl0=
github.com/pmezard/go-difflib v1.0.0/go.mod h1:iKH77koFhYxTK1pcRnkKkqfTogsbg7gZNVY4sRDYZ/4=
github.com/rasky/go-lzo v0.0.0-20200203143853-96a758eda86e h1:dCWirM5F3wMY+cmRda/B1BiPsFtmzXqV9b0hLWtVBMs=
github.com/rasky/go-lzo v0.0.0-20200203143853-96a758eda86e/go.mod h1:9leZcVcItj6m9/CfHY5Em/iBrCz7js8LcRQGTKEEv2M=
github.com/rogpeppe/go-internal v1.12.0 h1:exVL4IDcn6na9z1rAb56Vxr+CgyK3nn3O+epU5NdKM8=
github.com/safchain/ethtool v0.3.0 h1:gimQJpsI6sc1yIqP/y8GYgiXn/NjgvpM0RNoWLVVmP0=
github.com/safchain/ethtool v0.3.0/go.mod h1:SA9BwrgyAqNo7M+uaL6IYbxpm5wk3L7Mm6ocLW+CJUs=
github.com/sagernet/netlink v0.0.0-20240612041022-b9a21c07ac6a h1:ObwtHN2VpqE0ZNjr6sGeT00J8uU7JF4cNUdb44/Duis=
github.com/sagernet/netlink v0.0.0-20240612041022-b9a21c07ac6a/go.mod h1:xLnfdiJbSp8rNqYEdIW/6eDO4mVoogml14Bh2hSiFpM=
github.com/samber/lo v1.53.0 h1:t975lj2py4kJPQ6haz1QMgtId2gtmfktACxIXArw3HM=
github.com/samber/lo v1.53.0/go.mod h1:4+MXEGsJzbKGaUEQFKBq2xtfuznW9oz/WrgyzMzRoM0=
github.com/sina-ghaderi/poly1305 v0.0.0-20220724002748-c5926b03988b h1:rXHg9GrUEtWZhEkrykicdND3VPjlVbYiLdX9J7gimS8=
github.com/sina-ghaderi/poly1305 v0.0.0-20220724002748-c5926b03988b/go.mod h1:X7qrxNQViEaAN9LNZOPl9PfvQtp3V3c7LTo0dvGi0fM=
github.com/sina-ghaderi/rabaead v0.0.0-20220730151906-ab6e06b96e8c h1:DjKMC30y6yjG3IxDaeAj3PCoRr+IsO+bzyT+Se2m2Hk=
github.com/sina-ghaderi/rabaead v0.0.0-20220730151906-ab6e06b96e8c/go.mod h1:NV/a66PhhWYVmUMaotlXJ8fIEFB98u+c8l/CQIEFLrU=
github.com/sina-ghaderi/rabbitio v0.0.0-20220730151941-9ce26f4f872e h1:ur8uMsPIFG3i4Gi093BQITvwH9znsz2VUZmnmwHvpIo=
github.com/sina-ghaderi/rabbitio v0.0.0-20220730151941-9ce26f4f872e/go.mod h1:+e5fBW3bpPyo+3uLo513gIUblc03egGjMM0+5GKbzK8=
github.com/sirupsen/logrus v1.9.4 h1:TsZE7l11zFCLZnZ+teH4Umoq5BhEIfIzfRDZ1Uzql2w=
github.com/sirupsen/logrus v1.9.4/go.mod h1:ftWc9WdOfJ0a92nsE2jF5u5ZwH8Bv2zdeOC42RjbV2g=
github.com/stangelandcl/ppmd v0.1.1 h1:c25QazhlWUn5nmR1QOzafKhQxBicAr7GGCKER2aJ8H8=
github.com/stangelandcl/ppmd v0.1.1/go.mod h1:Rrv7M+/2P5jYr/GMLhBl7Ug3uJ1bUiVzr5LbbaV6xgY=
github.com/stretchr/objx v0.1.0/go.mod h1:HFkY916IF+rwdDfMAkV7OtwuqBVzrE8GR6GFx+wExME=
github.com/stretchr/objx v0.4.0/go.mod h1:YvHI0jy2hoMjB+UWwv71VJQ9isScKT/TqJzVSSt89Yw=
github.com/stretchr/objx v0.5.0/go.mod h1:Yh+to48EsGEfYuaHDzXPcE3xhTkx73EhmCGUpEOglKo=
github.com/stretchr/objx v0.5.2 h1:xuMeJ0Sdp5ZMRXx/aWO6RZxdr3beISkG5/G/aIRr3pY=
github.com/stretchr/testify v1.3.0/go.mod h1:M5WIy9Dh21IEIfnGCwXGc5bZfKNJtfHm1UVUgZn+9EI=
github.com/stretchr/testify v1.6.1/go.mod h1:6Fq8oRcR53rry900zMqJjRRixrwX3KX962/h/Wwjteg=
github.com/stretchr/testify v1.7.0/go.mod h1:6Fq8oRcR53rry900zMqJjRRixrwX3KX962/h/Wwjteg=
github.com/stretchr/testify v1.7.1/go.mod h1:6Fq8oRcR53rry900zMqJjRRixrwX3KX962/h/Wwjteg=
github.com/stretchr/testify v1.8.0/go.mod h1:yNjHg4UonilssWZ8iaSj1OCr/vHnekPRkoO+kdMU+MU=
github.com/stretchr/testify v1.8.1/go.mod h1:w2LPCIKwWwSfY2zedu0+kehJoqGctiVI29o6fzry7u4=
github.com/stretchr/testify v1.12.1 h1:EuwCh5fleGS7H32xRwO3wRGT7DxrDhLAT6FF8MpWDWE=
github.com/tailscale/certstore v0.1.1-0.20260409135935-3638fb84b77d h1:JcGKBZAL7ePLwOhUdN8qGQZlP5GueEiIZwY7R62pejE=
github.com/tailscale/certstore v0.1.1-0.20260409135935-3638fb84b77d/go.mod h1:XrBNfAFN+pwoWuksbFS9Ccxnopa15zJGgXRFN90l3K4=
github.com/tailscale/go-winio v0.0.0-20231025203758-c4f33415bf55 h1:Gzfnfk2TWrk8Jj4P4c1a3CtQyMaTVCznlkLZI++hok4=
github.com/tailscale/go-winio v0.0.0-20231025203758-c4f33415bf55/go.mod h1:4k4QO+dQ3R5FofL+SanAUZe+/QfeK0+OIuwDIRu2vSg=
github.com/tailscale/hujson v0.0.0-20221223112325-20486734a56a h1:SJy1Pu0eH1C29XwJucQo73FrleVK6t4kYz4NVhp34Yw=
github.com/tailscale/hujson v0.0.0-20221223112325-20486734a56a/go.mod h1:DFSS3NAGHthKo1gTlmEcSBiZrRJXi28rLNd/1udP1c8=
github.com/tailscale/peercred v0.0.0-20250107143737-35a0c7bd7edc h1:24heQPtnFR+yfntqhI3oAu9i27nEojcQ4NuBQOo5ZFA=
github.com/tailscale/peercred v0.0.0-20250107143737-35a0c7bd7edc/go.mod h1:f93CXfllFsO9ZQVq+Zocb1Gp4G5Fz0b0rXHLOzt/Djc=
github.com/u-root/uio v0.0.0-20230220225925-ffce2a382923 h1:tHNk7XK9GkmKUR6Gh8gVBKXc2MVSZ4G/NnWLtzw4gNA=
github.com/u-root/uio v0.0.0-20230220225925-ffce2a382923/go.mod h1:eLL9Nub3yfAho7qB0MzZizFhTU2QkLeoVsWdHtDW264=
github.com/ulikunitz/xz v0.5.15 h1:9DNdB5s+SgV3bQ2ApL10xRc35ck0DuIX/isZvIk+ubY=
github.com/ulikunitz/xz v0.5.15/go.mod h1:nbz6k7qbPmH4IRqmfOplQw/tblSgqTqBwxkY0oWt/14=
github.com/vishvananda/netlink v1.1.0/go.mod h1:cTgwzPIzzgDAYoQrMm0EdrjRUBkTqKYppBueQtXaqoE=
github.com/vishvananda/netns v0.0.0-20191106174202-0a2b9b5464df/go.mod h1:JP3t17pCcGlemwknint6hfoeCVQrEMVwxRLRjXpq+BU=
github.com/vishvananda/netns v0.0.0-20210104183010-2eb08e3e575f/go.mod h1:DD4vA1DwXk04H54A1oHXtwZmA0grkVMdPxx/VGLCah0=
github.com/vishvananda/netns v0.0.5 h1:DfiHV+j8bA32MFM7bfEunvT8IAqQ/NzSJHtcmW5zdEY=
github.com/vishvananda/netns v0.0.5/go.mod h1:SpkAiCQRtJ6TvvxPnOSyH3BMl6unz3xZlaprSwhNNJM=
github.com/vmihailenco/msgpack/v5 v5.4.1 h1:cQriyiUvjTwOHg8QZaPihLWeRAAVoCpE00IUPn0Bjt8=
github.com/vmihailenco/msgpack/v5 v5.4.1/go.mod h1:GaZTsDaehaPpQVyxrf5mtQlH+pc21PIudVV/E3rRQok=
github.com/vmihailenco/tagparser/v2 v2.0.0 h1:y09buUbR+b5aycVFQs/g70pqKVZNBmxwAhO7/IwNM9g=
github.com/vmihailenco/tagparser/v2 v2.0.0/go.mod h1:Wri+At7QHww0WTrCBeu4J6bNtoV6mEfg5OIWRZA9qds=
github.com/x448/float16 v0.8.4 h1:qLwI1I70+NjRFUR3zs1JPUCgaCXSh3SW62uAKT1mSBM=
github.com/x448/float16 v0.8.4/go.mod h1:14CWIYCyZA/cWjXOioeEpHeN/83MdbZDRQHoFcYsOfg=
github.com/xtaci/lossyconn v0.0.0-20190602105132-8df528c0c9ae h1:J0GxkO96kL4WF+AIT3M4mfUVinOCPgf2uUWYFUzN0sM=
github.com/xyproto/randomstring v1.0.5 h1:YtlWPoRdgMu3NZtP45drfy1GKoojuR7hmRcnhZqKjWU=
github.com/xyproto/randomstring v1.0.5/go.mod h1:rgmS5DeNXLivK7YprL0pY+lTuhNQW3iGxZ18UQApw/E=
github.com/yosida95/uritemplate/v3 v3.0.2 h1:Ed3Oyj9yrmi9087+NczuL5BwkIc4wvTb5zIM+UJPGz4=
github.com/yosida95/uritemplate/v3 v3.0.2/go.mod h1:ILOh0sOhIJR3+L/8afwt/kE++YT040gmv5BQTMR2HP4=
gitlab.com/go-extension/aes-ccm v0.0.0-20230221065045-e58665ef23c7 h1:UNrDfkQqiEYzdMlNsVvBYOAJWZjdktqFE9tQh5BT2+4=
gitlab.com/go-extension/aes-ccm v0.0.0-20230221065045-e58665ef23c7/go.mod h1:E+rxHvJG9H6PUdzq9NRG6csuLN3XUx98BfGOVWNYnXs=
gitlab.com/yawning/bsaes.git v0.0.0-20190805113838-0a714cd429ec h1:FpfFs4EhNehiVfzQttTuxanPIT43FtkkCFypIod8LHo=
gitlab.com/yawning/bsaes.git v0.0.0-20190805113838-0a714cd429ec/go.mod h1:BZ1RAoRPbCxum9Grlv5aeksu2H8BiKehBYooU2LFiOQ=
go.uber.org/mock v0.4.0 h1:VcM4ZOtdbR4f6VXfiOpwpVJDL6lCReaZ6mw31wqh7KU=
go.yaml.in/yaml/v3 v3.0.5 h1:N6y/pJk8buWs9NY5ERU2HSMfm+IuD/OtfdAnq6kESPw=
go.yaml.in/yaml/v3 v3.0.5/go.mod h1:HVTZu1O7/Vkt2N+BFy8Zza+lnLsABggaTM2ZpNIGuKg=
go4.org/mem v0.0.0-20240501181205-ae6ca9944745 h1:Tl++JLUCe4sxGu8cTpDzRLd3tN7US4hOxG5YpKCzkek=
go4.org/mem v0.0.0-20240501181205-ae6ca9944745/go.mod h1:reUoABIJ9ikfM5sgtSF3Wushcza7+WeD01VB9Lirh3g=
go4.org/netipx v0.0.0-20260823151212-3075585bcbeb h1:XBM4hvfwGAttkkiTIFfeigdfcL1xIfdKXqFdgiHGtDs=
go4.org/netipx v0.0.0-20260823151212-3075585bcbeb/go.mod h1:PLyyIXexvUFg3Owu6p/WfdlivPbZJsZdgWZlrGope/Y=
golang.org/x/crypto v0.0.0-20190308221718-c2843e01d9a2/go.mod h1:djNgcEr1/C05ACkg1iLfiJU5Ep61QUkGW8qpdssI0+w=
golang.org/x/crypto v0.0.0-20191011191535-87dc89f01550/go.mod h1:yigFU9vqHzYiE8UmvKecakEJjdnWj3jj499lnFckfCI=
golang.org/x/crypto v0.33.0 h1:IOBPskki6Lysi0lo9qQvbxiQ+FvsCC/YWOecCHAixus=
golang.org/x/crypto v0.33.0/go.mod h1:bVdXmD7IV/4GdElGPozy6U7lWdRXA4qyRVGJV57uQ5M=
golang.org/x/exp v0.0.0-20240904232852-e7e105dedf7e h1:I88y4caeGeuDQxgdoFPUq097j7kNfw6uvuiNxUBfcBk=
golang.org/x/exp v0.0.0-20240904232852-e7e105dedf7e/go.mod h1:akd2r19cwCdwSwWeIdzYQGa/EZZyqcOdwWiwj5L5eKQ=
golang.org/x/lint v0.0.0-20200302205851-738671d3881b/go.mod h1:3xt1FjdF8hUf6vQPIChWIBhFzV8gjjsPE/fR3IyQdNY=
golang.org/x/mod v0.1.1-0.20191105210325-c90efee705ee/go.mod h1:QqPTAvyqsEbceGzBzNggFXnrqF1CaUcvgkdR5Ot7KZg=
golang.org/x/mod v0.20.0 h1:utOm6MM3R3dnawAiJgn0y+xvuYRsm1RKM/4giyfDgV0=
golang.org/x/mod v0.20.0/go.mod h1:hTbmBsO62+eylJbnUtE2MGJUyE7QWk4xUqPFrRgJ+7c=
golang.org/x/net v0.0.0-20190404232315-eb5bcb51f2a3/go.mod h1:t9HGtf8HONx5eT2rtn7q6eTqICYqUVnKs3thJo3Qplg=
golang.org/x/net v0.0.0-20190620200207-3b0461eec859/go.mod h1:z5CRVTTTmAJ677TzLLGU+0bjPO0LkuOLi4/5GtJWs/s=
golang.org/x/net v0.35.0 h1:T5GQRQb2y08kTAByq9L4/bz8cipCdA8FbRTXewonqY8=
golang.org/x/net v0.35.0/go.mod h1:EglIi67kWsHKlRzzVMUD93VMSWGFOMSZgxFjparz1Qk=
golang.org/x/sync v0.0.0-20190423024810-112230192c58/go.mod h1:RxMgew5VJxzue5/jJTE5uejpjVlOe/izrB70Jof72aM=
golang.org/x/sync v0.11.0 h1:GGz8+XQP4FvTTrjZPzNKTMFtSXH80RAzG+5ghFPgK9w=
golang.org/x/sync v0.11.0/go.mod h1:Czt+wKu1gCyEFDUtn0jG5QVvpJ6rzVqr5aXyt9drQfk=
golang.org/x/sys v0.0.0-20190215142949-d0b11bdaac8a/go.mod h1:STP8DvDyc/dI5b8T5hshtkjS+E42TnysNCUPdjciGhY=
golang.org/x/sys v0.0.0-20190412213103-97732733099d/go.mod h1:h1NjWce9XRLGQEsW7wpKNCjG9DtNlClVuFLEZdDNbEs=
golang.org/x/sys v0.0.0-20190606203320-7fc4e5ec1444/go.mod h1:h1NjWce9XRLGQEsW7wpKNCjG9DtNlClVuFLEZdDNbEs=
golang.org/x/sys v0.0.0-20190804053845-51ab0e2deafa/go.mod h1:h1NjWce9XRLGQEsW7wpKNCjG9DtNlClVuFLEZdDNbEs=
golang.org/x/sys v0.0.0-20200217220822-9197077df867/go.mod h1:h1NjWce9XRLGQEsW7wpKNCjG9DtNlClVuFLEZdDNbEs=
golang.org/x/sys v0.0.0-20220622161953-175b2fd9d664/go.mod h1:oPkhp1MJrh7nUepCBck5+mAzfO9JrbApNNgaTdGDITg=
golang.org/x/sys v0.1.0/go.mod h1:oPkhp1MJrh7nUepCBck5+mAzfO9JrbApNNgaTdGDITg=
golang.org/x/sys v0.5.0/go.mod h1:oPkhp1MJrh7nUepCBck5+mAzfO9JrbApNNgaTdGDITg=
golang.org/x/sys v0.6.0/go.mod h1:oPkhp1MJrh7nUepCBck5+mAzfO9JrbApNNgaTdGDITg=
golang.org/x/sys v0.30.0 h1:QjkSwP/36a20jFYWkSue1YwXzLmsV5Gfq7Eiy72C1uc=
golang.org/x/sys v0.30.0/go.mod h1:/VUhepiaJMQUp4+oa/7Zr1D23ma6VTLIYjOOTFZPUcA=
golang.org/x/term v0.29.0 h1:L6pJp37ocefwRRtYPKSWOWzOtWSxVajvz2ldH/xi3iU=
golang.org/x/term v0.29.0/go.mod h1:6bl4lRlvVuDgSf3179VpIxBF0o10JUpXWOnI7nErv7s=
golang.org/x/text v0.3.0/go.mod h1:NqM8EUOU14njkJ3fqMW+pc6Ldnwhi/IjpwHt7yyuwOQ=
golang.org/x/text v0.22.0 h1:bofq7m3/HAFvbF51jz3Q9wLg3jkvSPuiZu/pD1XwgtM=
golang.org/x/text v0.22.0/go.mod h1:YRoo4H8PVmsu+E3Ou7cqLVH8oXWIHVoX0jqUWALQhfY=
golang.org/x/time v0.10.0 h1:3usCWA8tQn0L8+hFJQNgzpWbd89begxN66o1Ojdn5L4=
golang.org/x/time v0.10.0/go.mod h1:3BpzKBy/shNhVucY/MWOyx10tF3SFh9QdLuxbVysPQM=
golang.org/x/tools v0.0.0-20200130002326-2f3ba24bd6e7/go.mod h1:TB2adYChydJhpapKDTa4BR/hXlZSLoq2Wpct/0txZ28=
golang.org/x/tools v0.24.0 h1:J1shsA93PJUEVaUSaay7UXAyE8aimq3GW0pjlolpa24=
golang.org/x/tools v0.24.0/go.mod h1:YhNqVBIfWHdzvTLs0d8LCuMhkKUgSUKldakyV7W/WDQ=
golang.org/x/xerrors v0.0.0-20191011141410-1b5146add898/go.mod h1:I/5z698sn9Ka8TeJc9MKroUUfqBBauWjQqLJ2OPfmY0=
gopkg.in/check.v1 v0.0.0-20161208181325-20d25e280405/go.mod h1:Co6ibVJAznAaIkqp8huTwlJQCZ016jof/cbN4VW5Yz0=
gopkg.in/yaml.v3 v3.0.0-20200313102051-9f266ea9e77c/go.mod h1:K4uyk7z7BCEPqu6E+C64Yfv1cQ7kz7rIZviUmN+EgEM=
gopkg.in/yaml.v3 v3.0.1/go.mod h1:K4uyk7z7BCEPqu6E+C64Yfv1cQ7kz7rIZviUmN+EgEM=
software.sslmate.com/src/go-pkcs12 v0.4.0 h1:H2g08FrTvSFKUj+D309j1DPfk5APnIdAQAB8aEykJ5k=
