lockfileVersion: '9.0'

settings:
  autoInstallPeers: true
  excludeLinksFromLockfile: false

importers:

  .:
    dependencies:
      '@tauri-apps/api':
        specifier: '>=2.0.0-beta.6'
        version: 2.8.0
    devDependencies:
      '@rollup/plugin-typescript':
        specifier: 12.1.4
        version: 12.1.4(rollup@4.52.4)(tslib@2.8.1)(typescript@5.9.3)
      rollup:
        specifier: 4.52.4
        version: 4.52.4
      tslib:
        specifier: 2.8.1
        version: 2.8.1
      typescript:
        specifier: 5.9.3
        version: 5.9.3

packages:

  '@rollup/plugin-typescript@12.1.4':
    resolution: {integrity: sha512-s5Hx+EtN60LMlDBvl5f04bEiFZmAepk27Q+mr85L/00zPDn1jtzlTV6FWn81MaIwqfWzKxmOJrBWHU6vtQyedQ==}
    engines: {node: '>=14.0.0'}
    peerDependencies:
      rollup: ^2.14.0||^3.0.0||^4.0.0
      tslib: '*'
      typescript: '>=3.7.0'
    peerDependenciesMeta:
      rollup:
        optional: true
      tslib:
        optional: true

  '@rollup/pluginutils@5.1.4':
    resolution: {integrity: sha512-USm05zrsFxYLPdWWq+K3STlWiT/3ELn3RcV5hJMghpeAIhxfsUIg6mt12CBJBInWMV4VneoV7SfGv8xIwo2qNQ==}
    engines: {node: '>=14.0.0'}
    peerDependencies:
      rollup: ^1.20.0||^2.0.0||^3.0.0||^4.0.0
    peerDependenciesMeta:
      rollup:
        optional: true

  '@rollup/rollup-android-arm-eabi@4.52.4':
    resolution: {integrity: sha512-BTm2qKNnWIQ5auf4deoetINJm2JzvihvGb9R6K/ETwKLql/Bb3Eg2H1FBp1gUb4YGbydMA3jcmQTR73q7J+GAA==}
    cpu: [arm]
    os: [android]

  '@rollup/rollup-android-arm64@4.52.4':
    resolution: {integrity: sha512-P9LDQiC5vpgGFgz7GSM6dKPCiqR3XYN1WwJKA4/BUVDjHpYsf3iBEmVz62uyq20NGYbiGPR5cNHI7T1HqxNs2w==}
    cpu: [arm64]
    os: [android]

  '@rollup/rollup-darwin-arm64@4.52.4':
    resolution: {integrity: sha512-QRWSW+bVccAvZF6cbNZBJwAehmvG9NwfWHwMy4GbWi/BQIA/laTIktebT2ipVjNncqE6GLPxOok5hsECgAxGZg==}
    cpu: [arm64]
    os: [darwin]

  '@rollup/rollup-darwin-x64@4.52.4':
    resolution: {integrity: sha512-hZgP05pResAkRJxL1b+7yxCnXPGsXU0fG9Yfd6dUaoGk+FhdPKCJ5L1Sumyxn8kvw8Qi5PvQ8ulenUbRjzeCTw==}
    cpu: [x64]
    os: [darwin]

  '@rollup/rollup-freebsd-arm64@4.52.4':
    resolution: {integrity: sha512-xmc30VshuBNUd58Xk4TKAEcRZHaXlV+tCxIXELiE9sQuK3kG8ZFgSPi57UBJt8/ogfhAF5Oz4ZSUBN77weM+mQ==}
    cpu: [arm64]
    os: [freebsd]

  '@rollup/rollup-freebsd-x64@4.52.4':
    resolution: {integrity: sha512-WdSLpZFjOEqNZGmHflxyifolwAiZmDQzuOzIq9L27ButpCVpD7KzTRtEG1I0wMPFyiyUdOO+4t8GvrnBLQSwpw==}
    cpu: [x64]
    os: [freebsd]

  '@rollup/rollup-linux-arm-gnueabihf@4.52.4':
    resolution: {integrity: sha512-xRiOu9Of1FZ4SxVbB0iEDXc4ddIcjCv2aj03dmW8UrZIW7aIQ9jVJdLBIhxBI+MaTnGAKyvMwPwQnoOEvP7FgQ==}
    cpu: [arm]
    os: [linux]

  '@rollup/rollup-linux-arm-musleabihf@4.52.4':
    resolution: {integrity: sha512-FbhM2p9TJAmEIEhIgzR4soUcsW49e9veAQCziwbR+XWB2zqJ12b4i/+hel9yLiD8pLncDH4fKIPIbt5238341Q==}
    cpu: [arm]
    os: [linux]

  '@rollup/rollup-linux-arm64-gnu@4.52.4':
    resolution: {integrity: sha512-4n4gVwhPHR9q/g8lKCyz0yuaD0MvDf7dV4f9tHt0C73Mp8h38UCtSCSE6R9iBlTbXlmA8CjpsZoujhszefqueg==}
    cpu: [arm64]
    os: [linux]

  '@rollup/rollup-linux-arm64-musl@4.52.4':
    resolution: {integrity: sha512-u0n17nGA0nvi/11gcZKsjkLj1QIpAuPFQbR48Subo7SmZJnGxDpspyw2kbpuoQnyK+9pwf3pAoEXerJs/8Mi9g==}
    cpu: [arm64]
    os: [linux]

  '@rollup/rollup-linux-loong64-gnu@4.52.4':
    resolution: {integrity: sha512-0G2c2lpYtbTuXo8KEJkDkClE/+/2AFPdPAbmaHoE870foRFs4pBrDehilMcrSScrN/fB/1HTaWO4bqw+ewBzMQ==}
    cpu: [loong64]
    os: [linux]

  '@rollup/rollup-linux-ppc64-gnu@4.52.4':
    resolution: {integrity: sha512-teSACug1GyZHmPDv14VNbvZFX779UqWTsd7KtTM9JIZRDI5NUwYSIS30kzI8m06gOPB//jtpqlhmraQ68b5X2g==}
    cpu: [ppc64]
    os: [linux]

  '@rollup/rollup-linux-riscv64-gnu@4.52.4':
    resolution: {integrity: sha512-/MOEW3aHjjs1p4Pw1Xk4+3egRevx8Ji9N6HUIA1Ifh8Q+cg9dremvFCUbOX2Zebz80BwJIgCBUemjqhU5XI5Eg==}
    cpu: [riscv64]
    os: [linux]

  '@rollup/rollup-linux-riscv64-musl@4.52.4':
    resolution: {integrity: sha512-1HHmsRyh845QDpEWzOFtMCph5Ts+9+yllCrREuBR/vg2RogAQGGBRC8lDPrPOMnrdOJ+mt1WLMOC2Kao/UwcvA==}
    cpu: [riscv64]
    os: [linux]

  '@rollup/rollup-linux-s390x-gnu@4.52.4':
    resolution: {integrity: sha512-seoeZp4L/6D1MUyjWkOMRU6/iLmCU2EjbMTyAG4oIOs1/I82Y5lTeaxW0KBfkUdHAWN7j25bpkt0rjnOgAcQcA==}
    cpu: [s390x]
    os: [linux]

  '@rollup/rollup-linux-x64-gnu@4.52.4':
    resolution: {integrity: sha512-Wi6AXf0k0L7E2gteNsNHUs7UMwCIhsCTs6+tqQ5GPwVRWMaflqGec4Sd8n6+FNFDw9vGcReqk2KzBDhCa1DLYg==}
    cpu: [x64]
    os: [linux]

  '@rollup/rollup-linux-x64-musl@4.52.4':
    resolution: {integrity: sha512-dtBZYjDmCQ9hW+WgEkaffvRRCKm767wWhxsFW3Lw86VXz/uJRuD438/XvbZT//B96Vs8oTA8Q4A0AfHbrxP9zw==}
    cpu: [x64]
    os: [linux]

  '@rollup/rollup-openharmony-arm64@4.52.4':
    resolution: {integrity: sha512-1ox+GqgRWqaB1RnyZXL8PD6E5f7YyRUJYnCqKpNzxzP0TkaUh112NDrR9Tt+C8rJ4x5G9Mk8PQR3o7Ku2RKqKA==}
    cpu: [arm64]
    os: [openharmony]

  '@rollup/rollup-win32-arm64-msvc@4.52.4':
    resolution: {integrity: sha512-8GKr640PdFNXwzIE0IrkMWUNUomILLkfeHjXBi/nUvFlpZP+FA8BKGKpacjW6OUUHaNI6sUURxR2U2g78FOHWQ==}
    cpu: [arm64]
    os: [win32]

  '@rollup/rollup-win32-ia32-msvc@4.52.4':
    resolution: {integrity: sha512-AIy/jdJ7WtJ/F6EcfOb2GjR9UweO0n43jNObQMb6oGxkYTfLcnN7vYYpG+CN3lLxrQkzWnMOoNSHTW54pgbVxw==}
    cpu: [ia32]
    os: [win32]

  '@rollup/rollup-win32-x64-gnu@4.52.4':
    resolution: {integrity: sha512-UF9KfsH9yEam0UjTwAgdK0anlQ7c8/pWPU2yVjyWcF1I1thABt6WXE47cI71pGiZ8wGvxohBoLnxM04L/wj8mQ==}
    cpu: [x64]
    os: [win32]

  '@rollup/rollup-win32-x64-msvc@4.52.4':
    resolution: {integrity: sha512-bf9PtUa0u8IXDVxzRToFQKsNCRz9qLYfR/MpECxl4mRoWYjAeFjgxj1XdZr2M/GNVpT05p+LgQOHopYDlUu6/w==}
    cpu: [x64]
    os: [win32]

  '@tauri-apps/api@2.8.0':
    resolution: {integrity: sha512-ga7zdhbS2GXOMTIZRT0mYjKJtR9fivsXzsyq5U3vjDL0s6DTMwYRm0UHNjzTY5dh4+LSC68Sm/7WEiimbQNYlw==}

  '@types/estree@1.0.8':
    resolution: {integrity: sha512-dWHzHa2WqEXI/O1E9OjrocMTKJl2mSrEolh1Iomrv6U+JuNwaHXsXx9bLu5gG7BUWFIN0skIQJQ/L1rIex4X6w==}

  estree-walker@2.0.2:
    resolution: {integrity: sha512-Rfkk/Mp/DL7JVje3u18FxFujQlTNR2q6QfMSMB7AvCBx91NGj/ba3kCfza0f6dVDbw7YlRf/nDrn7pQrCCyQ/w==}

  fsevents@2.3.3:
    resolution: {integrity: sha512-5xoDfX+fL7faATnagmWPpbFtwh/R77WmMMqqHGS65C3vvB0YHrgF+B1YmZ3441tMj5n63k0212XNoJwzlhffQw==}
    engines: {node: ^8.16.0 || ^10.6.0 || >=11.0.0}
    os: [darwin]

  function-bind@1.1.2:
    resolution: {integrity: sha512-7XHNxH7qX9xG5mIwxkhumTox/MIRNcOgDrxWsMt2pAr23WHp6MrRlN7FBSFpCpr+oVO0F744iUgR82nJMfG2SA==}

  hasown@2.0.2:
    resolution: {integrity: sha512-0hJU9SCPvmMzIBdZFqNPXWa6dqh7WdH0cII9y+CyS8rG3nL48Bclra9HmKhVVUHyPWNH5Y7xDwAB7bfgSjkUMQ==}
    engines: {node: '>= 0.4'}

  is-core-module@2.16.1:
    resolution: {integrity: sha512-UfoeMA6fIJ8wTYFEUjelnaGI67v6+N7qXJEvQuIGa99l4xsCruSYOVSQ0uPANn4dAzm8lkYPaKLrrijLq7x23w==}
    engines: {node: '>= 0.4'}

  path-parse@1.0.7:
    resolution: {integrity: sha512-LDJzPVEEEPR+y48z93A0Ed0yXb8pAByGWo/k5YYdYgpY2/2EsOsksJrq7lOHxryrVOn1ejG6oAp8ahvOIQD8sw==}

  picomatch@4.0.2:
    resolution: {integrity: sha512-M7BAV6Rlcy5u+m6oPhAPFgJTzAioX/6B0DxyvDlo9l8+T3nLKbrczg2WLUyzd45L8RqfUMyGPzekbMvX2Ldkwg==}
    engines: {node: '>=12'}

  resolve@1.22.10:
    resolution: {integrity: sha512-NPRy+/ncIMeDlTAsuqwKIiferiawhefFJtkNSW0qZJEqMEb+qBt/77B/jGeeek+F0uOeN05CDa6HXbbIgtVX4w==}
    engines: {node: '>= 0.4'}
    hasBin: true

  rollup@4.52.4:
    resolution: {integrity: sha512-CLEVl+MnPAiKh5pl4dEWSyMTpuflgNQiLGhMv8ezD5W/qP8AKvmYpCOKRRNOh7oRKnauBZ4SyeYkMS+1VSyKwQ==}
    engines: {node: '>=18.0.0', npm: '>=8.0.0'}
    hasBin: true

  supports-preserve-symlinks-flag@1.0.0:
    resolution: {integrity: sha512-ot0WnXS9fgdkgIcePe6RHNk1WA8+muPa6cSjeR3V8K27q9BB1rTE3R1p7Hv0z1ZyAc8s6Vvv8DIyWf681MAt0w==}
    engines: {node: '>= 0.4'}

  tslib@2.8.1:
    resolution: {integrity: sha512-oJFu94HQb+KVduSUQL7wnpmqnfmLsOA/nAh6b6EH0wCEoK0/mPeXU6c3wKDV83MkOuHPRHtSXKKU99IBazS/2w==}

  typescript@5.9.3:
    resolution: {integrity: sha512-jl1vZzPDinLr9eUt3J/t7V6FgNEw9QjvBPdysz9KfQDD41fQrC2Y4vKQdiaUpFT4bXlb1RHhLpp8wtm6M5TgSw==}
    engines: {node: '>=14.17'}
    hasBin: true

snapshots:

  '@rollup/plugin-typescript@12.1.4(rollup@4.52.4)(tslib@2.8.1)(typescript@5.9.3)':
    dependencies:
      '@rollup/pluginutils': 5.1.4(rollup@4.52.4)
      resolve: 1.22.10
      typescript: 5.9.3
    optionalDependencies:
      rollup: 4.52.4
      tslib: 2.8.1

  '@rollup/pluginutils@5.1.4(rollup@4.52.4)':
    dependencies:
      '@types/estree': 1.0.8
      estree-walker: 2.0.2
      picomatch: 4.0.2
    optionalDependencies:
      rollup: 4.52.4

  '@rollup/rollup-android-arm-eabi@4.52.4':
    optional: true

  '@rollup/rollup-android-arm64@4.52.4':
    optional: true

  '@rollup/rollup-darwin-arm64@4.52.4':
    optional: true

  '@rollup/rollup-darwin-x64@4.52.4':
    optional: true

  '@rollup/rollup-freebsd-arm64@4.52.4':
    optional: true

  '@rollup/rollup-freebsd-x64@4.52.4':
    optional: true

  '@rollup/rollup-linux-arm-gnueabihf@4.52.4':
    optional: true

  '@rollup/rollup-linux-arm-musleabihf@4.52.4':
    optional: true

  '@rollup/rollup-linux-arm64-gnu@4.52.4':
    optional: true

  '@rollup/rollup-linux-arm64-musl@4.52.4':
    optional: true

  '@rollup/rollup-linux-loong64-gnu@4.52.4':
    optional: true

  '@rollup/rollup-linux-ppc64-gnu@4.52.4':
    optional: true

  '@rollup/rollup-linux-riscv64-gnu@4.52.4':
    optional: true

  '@rollup/rollup-linux-riscv64-musl@4.52.4':
    optional: true

  '@rollup/rollup-linux-s390x-gnu@4.52.4':
    optional: true

  '@rollup/rollup-linux-x64-gnu@4.52.4':
    optional: true

  '@rollup/rollup-linux-x64-musl@4.52.4':
    optional: true

  '@rollup/rollup-openharmony-arm64@4.52.4':
    optional: true

  '@rollup/rollup-win32-arm64-msvc@4.52.4':
    optional: true

  '@rollup/rollup-win32-ia32-msvc@4.52.4':
    optional: true

  '@rollup/rollup-win32-x64-gnu@4.52.4':
    optional: true

  '@rollup/rollup-win32-x64-msvc@4.52.4':
    optional: true

  '@tauri-apps/api@2.8.0': {}

  '@types/estree@1.0.8': {}

  estree-walker@2.0.2: {}

  fsevents@2.3.3:
    optional: true

  function-bind@1.1.2: {}

  hasown@2.0.2:
    dependencies:
      function-bind: 1.1.2

  is-core-module@2.16.1:
    dependencies:
      hasown: 2.0.2

  path-parse@1.0.7: {}

  picomatch@4.0.2: {}

  resolve@1.22.10:
    dependencies:
      is-core-module: 2.16.1
      path-parse: 1.0.7
      supports-preserve-symlinks-flag: 1.0.0

  rollup@4.52.4:
    dependencies:
      '@types/estree': 1.0.8
    optionalDependencies:
      '@rollup/rollup-android-arm-eabi': 4.52.4
      '@rollup/rollup-android-arm64': 4.52.4
      '@rollup/rollup-darwin-arm64': 4.52.4
      '@rollup/rollup-darwin-x64': 4.52.4
      '@rollup/rollup-freebsd-arm64': 4.52.4
      '@rollup/rollup-freebsd-x64': 4.52.4
      '@rollup/rollup-linux-arm-gnueabihf': 4.52.4
      '@rollup/rollup-linux-arm-musleabihf': 4.52.4
      '@rollup/rollup-linux-arm64-gnu': 4.52.4
      '@rollup/rollup-linux-arm64-musl': 4.52.4
      '@rollup/rollup-linux-loong64-gnu': 4.52.4
      '@rollup/rollup-linux-ppc64-gnu': 4.52.4
      '@rollup/rollup-linux-riscv64-gnu': 4.52.4
      '@rollup/rollup-linux-riscv64-musl': 4.52.4
      '@rollup/rollup-linux-s390x-gnu': 4.52.4
      '@rollup/rollup-linux-x64-gnu': 4.52.4
      '@rollup/rollup-linux-x64-musl': 4.52.4
      '@rollup/rollup-openharmony-arm64': 4.52.4
      '@rollup/rollup-win32-arm64-msvc': 4.52.4
      '@rollup/rollup-win32-ia32-msvc': 4.52.4
      '@rollup/rollup-win32-x64-gnu': 4.52.4
      '@rollup/rollup-win32-x64-msvc': 4.52.4
      fsevents: 2.3.3

  supports-preserve-symlinks-flag@1.0.0: {}

  tslib@2.8.1: {}

  typescript@5.9.3: {}
