// !$*UTF8*$!
{
 archiveVersion = 1;
 classes = {};
 objectVersion = 56;
 objects = {
  A00000000000000000000001 = {isa = PBXProject; buildConfigurationList = A00000000000000000000002; compatibilityVersion = "Xcode 14.0"; developmentRegion = en; knownRegions = (en, Base); mainGroup = A00000000000000000000003; productRefGroup = A00000000000000000000004; projectDirPath = ""; projectRoot = ""; targets = (A00000000000000000000005, A00000000000000000000020); };
  A00000000000000000000002 = {isa = XCConfigurationList; buildConfigurations = (A00000000000000000000006, A00000000000000000000010); defaultConfigurationIsVisible = 0; defaultConfigurationName = Debug; };
  A00000000000000000000003 = {isa = PBXGroup; children = (A00000000000000000000007, A00000000000000000000008, A00000000000000000000021, A00000000000000000000030, A00000000000000000000040, A00000000000000000000041, A00000000000000000000004); sourceTree = "<group>"; };
  A00000000000000000000004 = {isa = PBXGroup; children = (A00000000000000000000009, A00000000000000000000022); name = Products; sourceTree = "<group>"; };
  A00000000000000000000005 = {isa = PBXNativeTarget; buildConfigurationList = A0000000000000000000000A; buildPhases = (A0000000000000000000000B, A0000000000000000000000C, A00000000000000000000012); buildRules = (); dependencies = (); name = VergeWidget; productName = VergeWidget; productReference = A00000000000000000000009; productType = "com.apple.product-type.app-extension"; };
  A00000000000000000000006 = {isa = XCBuildConfiguration; name = Release; buildSettings = {MACOSX_DEPLOYMENT_TARGET = 14.0; SDKROOT = macosx; SWIFT_VERSION = 5.0; }; };
  A00000000000000000000007 = {isa = PBXFileReference; lastKnownFileType = sourcecode.swift; path = Widget.swift; sourceTree = "<group>"; };
  A00000000000000000000008 = {isa = PBXFileReference; lastKnownFileType = sourcecode.swift; path = Bridge.swift; sourceTree = "<group>"; };
  A00000000000000000000009 = {isa = PBXFileReference; explicitFileType = "wrapper.app-extension"; path = VergeWidget.appex; sourceTree = BUILT_PRODUCTS_DIR; };
  A0000000000000000000000A = {isa = XCConfigurationList; buildConfigurations = (A0000000000000000000000D, A00000000000000000000011); defaultConfigurationIsVisible = 0; defaultConfigurationName = Debug; };
  A0000000000000000000000B = {isa = PBXSourcesBuildPhase; buildActionMask = 2147483647; files = (A0000000000000000000000E, A0000000000000000000000F, A00000000000000000000042, A00000000000000000000043); runOnlyForDeploymentPostprocessing = 0; };
  A0000000000000000000000C = {isa = PBXFrameworksBuildPhase; buildActionMask = 2147483647; files = (); runOnlyForDeploymentPostprocessing = 0; };
  A0000000000000000000000D = {isa = XCBuildConfiguration; name = Release; buildSettings = {
   APPLICATION_EXTENSION_API_ONLY = YES;
   CODE_SIGN_ENTITLEMENTS = "$(WIDGET_ENTITLEMENTS)";
   CODE_SIGN_STYLE = Manual;
   GENERATE_INFOPLIST_FILE = NO;
   INFOPLIST_FILE = "$(WIDGET_INFO_PLIST)";
   WIDGET_INFO_PLIST = "$(SRCROOT)/Preview.plist";
   WIDGET_ENTITLEMENTS = "";
   ENABLE_USER_SCRIPT_SANDBOXING = NO;
   LD_RUNPATH_SEARCH_PATHS = ("$(inherited)", "@executable_path/../Frameworks", "@executable_path/../../../../Frameworks");
   PRODUCT_BUNDLE_IDENTIFIER = "io.github.clash-verge-rev.clash-verge-rev.widget";
   PRODUCT_NAME = "$(TARGET_NAME)";
   SKIP_INSTALL = YES;
   SWIFT_ACTIVE_COMPILATION_CONDITIONS = WIDGET_EXTENSION;
   SWIFT_EMIT_LOC_STRINGS = YES;
  }; };
  A00000000000000000000011 = {isa = XCBuildConfiguration; name = Debug; buildSettings = {
   APPLICATION_EXTENSION_API_ONLY = YES;
   CODE_SIGN_ENTITLEMENTS = "$(WIDGET_ENTITLEMENTS)";
   CODE_SIGN_STYLE = Manual;
   GENERATE_INFOPLIST_FILE = NO;
   INFOPLIST_FILE = "$(WIDGET_INFO_PLIST)";
   WIDGET_INFO_PLIST = "$(SRCROOT)/Preview.plist";
   WIDGET_ENTITLEMENTS = "";
   ENABLE_USER_SCRIPT_SANDBOXING = NO;
   LD_RUNPATH_SEARCH_PATHS = ("$(inherited)", "@executable_path/../Frameworks", "@executable_path/../../../../Frameworks");
   PRODUCT_BUNDLE_IDENTIFIER = "io.github.clash-verge-rev.clash-verge-rev.preview.widget";
   PRODUCT_NAME = "$(TARGET_NAME)";
   SKIP_INSTALL = YES;
   SWIFT_ACTIVE_COMPILATION_CONDITIONS = "WIDGET_EXTENSION DEBUG";
   SWIFT_OPTIMIZATION_LEVEL = "-Onone";
   CODE_SIGN_IDENTITY = "-";
   ENABLE_PREVIEWS = YES;
   SWIFT_EMIT_LOC_STRINGS = YES;
  }; };
  A0000000000000000000000E = {isa = PBXBuildFile; fileRef = A00000000000000000000007; };
  A0000000000000000000000F = {isa = PBXBuildFile; fileRef = A00000000000000000000008; };
  A00000000000000000000010 = {isa = XCBuildConfiguration; name = Debug; buildSettings = {MACOSX_DEPLOYMENT_TARGET = 14.0; SDKROOT = macosx; SWIFT_VERSION = 5.0; }; };
  A00000000000000000000012 = {isa = PBXShellScriptBuildPhase; buildActionMask = 2147483647; files = (); inputPaths = (); outputPaths = (); runOnlyForDeploymentPostprocessing = 0; shellPath = /bin/sh; alwaysOutOfDate = 1; shellScript = "export PATH=/opt/homebrew/bin:/usr/local/bin:$PATH\nnode \"$SRCROOT/../build/localize.mjs\" \"$TARGET_BUILD_DIR/$UNLOCALIZED_RESOURCES_FOLDER_PATH\"\n"; };
  A00000000000000000000020 = {isa = PBXNativeTarget; buildConfigurationList = A00000000000000000000023; buildPhases = (A00000000000000000000024, A00000000000000000000025, A00000000000000000000026, A00000000000000000000034); buildRules = (); dependencies = (A00000000000000000000027); name = PreviewHost; productName = PreviewHost; productReference = A00000000000000000000022; productType = "com.apple.product-type.application"; };
  A00000000000000000000021 = {isa = PBXFileReference; lastKnownFileType = sourcecode.swift; path = Host.swift; sourceTree = "<group>"; };
  A00000000000000000000022 = {isa = PBXFileReference; explicitFileType = wrapper.application; path = PreviewHost.app; sourceTree = BUILT_PRODUCTS_DIR; };
  A00000000000000000000023 = {isa = XCConfigurationList; buildConfigurations = (A00000000000000000000028); defaultConfigurationIsVisible = 0; defaultConfigurationName = Debug; };
  A00000000000000000000024 = {isa = PBXSourcesBuildPhase; buildActionMask = 2147483647; files = (A00000000000000000000029, A00000000000000000000031, A00000000000000000000032, A00000000000000000000033, A00000000000000000000044, A00000000000000000000045); runOnlyForDeploymentPostprocessing = 0; };
  A00000000000000000000025 = {isa = PBXFrameworksBuildPhase; buildActionMask = 2147483647; files = (); runOnlyForDeploymentPostprocessing = 0; };
  A00000000000000000000026 = {isa = PBXCopyFilesBuildPhase; buildActionMask = 2147483647; dstPath = ""; dstSubfolderSpec = 13; files = (A0000000000000000000002A); name = "Embed Widget"; runOnlyForDeploymentPostprocessing = 0; };
  A00000000000000000000027 = {isa = PBXTargetDependency; target = A00000000000000000000005; targetProxy = A0000000000000000000002B; };
  A00000000000000000000028 = {isa = XCBuildConfiguration; name = Debug; buildSettings = {CODE_SIGN_IDENTITY = "-"; CODE_SIGN_STYLE = Manual; GENERATE_INFOPLIST_FILE = YES; INFOPLIST_KEY_CFBundleDisplayName = "Widget Preview Host"; PRODUCT_BUNDLE_IDENTIFIER = "io.github.clash-verge-rev.clash-verge-rev.preview"; PRODUCT_NAME = "$(TARGET_NAME)"; MARKETING_VERSION = 1.0; CURRENT_PROJECT_VERSION = 1; SWIFT_OPTIMIZATION_LEVEL = "-Onone"; SWIFT_ACTIVE_COMPILATION_CONDITIONS = "DEBUG PREVIEW_HOST WIDGET_EXTENSION"; ENABLE_USER_SCRIPT_SANDBOXING = NO; ENABLE_PREVIEWS = YES; LD_RUNPATH_SEARCH_PATHS = ("$(inherited)", "@executable_path/../Frameworks"); }; };
  A00000000000000000000029 = {isa = PBXBuildFile; fileRef = A00000000000000000000021; };
  A0000000000000000000002A = {isa = PBXBuildFile; fileRef = A00000000000000000000009; settings = {ATTRIBUTES = (CodeSignOnCopy, RemoveHeadersOnCopy); }; };
  A0000000000000000000002B = {isa = PBXContainerItemProxy; containerPortal = A00000000000000000000001; proxyType = 1; remoteGlobalIDString = A00000000000000000000005; remoteInfo = VergeWidget; };
  A00000000000000000000030 = {isa = PBXFileReference; lastKnownFileType = sourcecode.swift; path = StylePreviews.swift; sourceTree = "<group>"; };
  A00000000000000000000031 = {isa = PBXBuildFile; fileRef = A00000000000000000000007; };
  A00000000000000000000032 = {isa = PBXBuildFile; fileRef = A00000000000000000000008; };
  A00000000000000000000033 = {isa = PBXBuildFile; fileRef = A00000000000000000000030; };
  A00000000000000000000034 = {isa = PBXShellScriptBuildPhase; buildActionMask = 2147483647; files = (); inputPaths = (); outputPaths = (); runOnlyForDeploymentPostprocessing = 0; shellPath = /bin/sh; alwaysOutOfDate = 1; shellScript = "export PATH=/opt/homebrew/bin:/usr/local/bin:$PATH\nnode \"$SRCROOT/../build/localize.mjs\" \"$TARGET_BUILD_DIR/$UNLOCALIZED_RESOURCES_FOLDER_PATH\"\n"; };
  A00000000000000000000040 = {isa = PBXFileReference; lastKnownFileType = sourcecode.swift; path = WidgetClient.swift; sourceTree = "<group>"; };
  A00000000000000000000041 = {isa = PBXFileReference; lastKnownFileType = sourcecode.swift; path = RoutingView.swift; sourceTree = "<group>"; };
  A00000000000000000000042 = {isa = PBXBuildFile; fileRef = A00000000000000000000040; };
  A00000000000000000000043 = {isa = PBXBuildFile; fileRef = A00000000000000000000041; };
  A00000000000000000000044 = {isa = PBXBuildFile; fileRef = A00000000000000000000040; };
  A00000000000000000000045 = {isa = PBXBuildFile; fileRef = A00000000000000000000041; };
 };
 rootObject = A00000000000000000000001;
}
