lockfileVersion: "9.0"

settings:
  autoInstallPeers: true
  excludeLinksFromLockfile: false

importers:
  .:
    dependencies:
      "@tauri-apps/api":
        specifier: ^2.0.0
        version: 2.3.0
      tauri-plugin-mihomo-api:
        specifier: file:../../
        version: file:../..
    devDependencies:
      "@sveltejs/vite-plugin-svelte":
        specifier: ^5.0.0
        version: 5.0.3(svelte@5.22.6)(vite@6.2.1(yaml@2.7.0))
      "@tauri-apps/cli":
        specifier: ^2.0.0
        version: 2.3.1
      svelte:
        specifier: ^5.0.0
        version: 5.22.6
      vite:
        specifier: ^6.0.0
        version: 6.2.1(yaml@2.7.0)

packages:
  "@ampproject/remapping@2.3.0":
    resolution:
      {
        integrity: sha512-30iZtAPgz+LTIYoeivqYo853f02jBYSd5uGnGpkFV0M3xOt9aN73erkgYAmZU43x4VfqcnLxW9Kpg3R5LC4YYw==,
      }
    engines: { node: ">=6.0.0" }

  "@esbuild/aix-ppc64@0.25.0":
    resolution:
      {
        integrity: sha512-O7vun9Sf8DFjH2UtqK8Ku3LkquL9SZL8OLY1T5NZkA34+wG3OQF7cl4Ql8vdNzM6fzBbYfLaiRLIOZ+2FOCgBQ==,
      }
    engines: { node: ">=18" }
    cpu: [ppc64]
    os: [aix]

  "@esbuild/android-arm64@0.25.0":
    resolution:
      {
        integrity: sha512-grvv8WncGjDSyUBjN9yHXNt+cq0snxXbDxy5pJtzMKGmmpPxeAmAhWxXI+01lU5rwZomDgD3kJwulEnhTRUd6g==,
      }
    engines: { node: ">=18" }
    cpu: [arm64]
    os: [android]

  "@esbuild/android-arm@0.25.0":
    resolution:
      {
        integrity: sha512-PTyWCYYiU0+1eJKmw21lWtC+d08JDZPQ5g+kFyxP0V+es6VPPSUhM6zk8iImp2jbV6GwjX4pap0JFbUQN65X1g==,
      }
    engines: { node: ">=18" }
    cpu: [arm]
    os: [android]

  "@esbuild/android-x64@0.25.0":
    resolution:
      {
        integrity: sha512-m/ix7SfKG5buCnxasr52+LI78SQ+wgdENi9CqyCXwjVR2X4Jkz+BpC3le3AoBPYTC9NHklwngVXvbJ9/Akhrfg==,
      }
    engines: { node: ">=18" }
    cpu: [x64]
    os: [android]

  "@esbuild/darwin-arm64@0.25.0":
    resolution:
      {
        integrity: sha512-mVwdUb5SRkPayVadIOI78K7aAnPamoeFR2bT5nszFUZ9P8UpK4ratOdYbZZXYSqPKMHfS1wdHCJk1P1EZpRdvw==,
      }
    engines: { node: ">=18" }
    cpu: [arm64]
    os: [darwin]

  "@esbuild/darwin-x64@0.25.0":
    resolution:
      {
        integrity: sha512-DgDaYsPWFTS4S3nWpFcMn/33ZZwAAeAFKNHNa1QN0rI4pUjgqf0f7ONmXf6d22tqTY+H9FNdgeaAa+YIFUn2Rg==,
      }
    engines: { node: ">=18" }
    cpu: [x64]
    os: [darwin]

  "@esbuild/freebsd-arm64@0.25.0":
    resolution:
      {
        integrity: sha512-VN4ocxy6dxefN1MepBx/iD1dH5K8qNtNe227I0mnTRjry8tj5MRk4zprLEdG8WPyAPb93/e4pSgi1SoHdgOa4w==,
      }
    engines: { node: ">=18" }
    cpu: [arm64]
    os: [freebsd]

  "@esbuild/freebsd-x64@0.25.0":
    resolution:
      {
        integrity: sha512-mrSgt7lCh07FY+hDD1TxiTyIHyttn6vnjesnPoVDNmDfOmggTLXRv8Id5fNZey1gl/V2dyVK1VXXqVsQIiAk+A==,
      }
    engines: { node: ">=18" }
    cpu: [x64]
    os: [freebsd]

  "@esbuild/linux-arm64@0.25.0":
    resolution:
      {
        integrity: sha512-9QAQjTWNDM/Vk2bgBl17yWuZxZNQIF0OUUuPZRKoDtqF2k4EtYbpyiG5/Dk7nqeK6kIJWPYldkOcBqjXjrUlmg==,
      }
    engines: { node: ">=18" }
    cpu: [arm64]
    os: [linux]

  "@esbuild/linux-arm@0.25.0":
    resolution:
      {
        integrity: sha512-vkB3IYj2IDo3g9xX7HqhPYxVkNQe8qTK55fraQyTzTX/fxaDtXiEnavv9geOsonh2Fd2RMB+i5cbhu2zMNWJwg==,
      }
    engines: { node: ">=18" }
    cpu: [arm]
    os: [linux]

  "@esbuild/linux-ia32@0.25.0":
    resolution:
      {
        integrity: sha512-43ET5bHbphBegyeqLb7I1eYn2P/JYGNmzzdidq/w0T8E2SsYL1U6un2NFROFRg1JZLTzdCoRomg8Rvf9M6W6Gg==,
      }
    engines: { node: ">=18" }
    cpu: [ia32]
    os: [linux]

  "@esbuild/linux-loong64@0.25.0":
    resolution:
      {
        integrity: sha512-fC95c/xyNFueMhClxJmeRIj2yrSMdDfmqJnyOY4ZqsALkDrrKJfIg5NTMSzVBr5YW1jf+l7/cndBfP3MSDpoHw==,
      }
    engines: { node: ">=18" }
    cpu: [loong64]
    os: [linux]

  "@esbuild/linux-mips64el@0.25.0":
    resolution:
      {
        integrity: sha512-nkAMFju7KDW73T1DdH7glcyIptm95a7Le8irTQNO/qtkoyypZAnjchQgooFUDQhNAy4iu08N79W4T4pMBwhPwQ==,
      }
    engines: { node: ">=18" }
    cpu: [mips64el]
    os: [linux]

  "@esbuild/linux-ppc64@0.25.0":
    resolution:
      {
        integrity: sha512-NhyOejdhRGS8Iwv+KKR2zTq2PpysF9XqY+Zk77vQHqNbo/PwZCzB5/h7VGuREZm1fixhs4Q/qWRSi5zmAiO4Fw==,
      }
    engines: { node: ">=18" }
    cpu: [ppc64]
    os: [linux]

  "@esbuild/linux-riscv64@0.25.0":
    resolution:
      {
        integrity: sha512-5S/rbP5OY+GHLC5qXp1y/Mx//e92L1YDqkiBbO9TQOvuFXM+iDqUNG5XopAnXoRH3FjIUDkeGcY1cgNvnXp/kA==,
      }
    engines: { node: ">=18" }
    cpu: [riscv64]
    os: [linux]

  "@esbuild/linux-s390x@0.25.0":
    resolution:
      {
        integrity: sha512-XM2BFsEBz0Fw37V0zU4CXfcfuACMrppsMFKdYY2WuTS3yi8O1nFOhil/xhKTmE1nPmVyvQJjJivgDT+xh8pXJA==,
      }
    engines: { node: ">=18" }
    cpu: [s390x]
    os: [linux]

  "@esbuild/linux-x64@0.25.0":
    resolution:
      {
        integrity: sha512-9yl91rHw/cpwMCNytUDxwj2XjFpxML0y9HAOH9pNVQDpQrBxHy01Dx+vaMu0N1CKa/RzBD2hB4u//nfc+Sd3Cw==,
      }
    engines: { node: ">=18" }
    cpu: [x64]
    os: [linux]

  "@esbuild/netbsd-arm64@0.25.0":
    resolution:
      {
        integrity: sha512-RuG4PSMPFfrkH6UwCAqBzauBWTygTvb1nxWasEJooGSJ/NwRw7b2HOwyRTQIU97Hq37l3npXoZGYMy3b3xYvPw==,
      }
    engines: { node: ">=18" }
    cpu: [arm64]
    os: [netbsd]

  "@esbuild/netbsd-x64@0.25.0":
    resolution:
      {
        integrity: sha512-jl+qisSB5jk01N5f7sPCsBENCOlPiS/xptD5yxOx2oqQfyourJwIKLRA2yqWdifj3owQZCL2sn6o08dBzZGQzA==,
      }
    engines: { node: ">=18" }
    cpu: [x64]
    os: [netbsd]

  "@esbuild/openbsd-arm64@0.25.0":
    resolution:
      {
        integrity: sha512-21sUNbq2r84YE+SJDfaQRvdgznTD8Xc0oc3p3iW/a1EVWeNj/SdUCbm5U0itZPQYRuRTW20fPMWMpcrciH2EJw==,
      }
    engines: { node: ">=18" }
    cpu: [arm64]
    os: [openbsd]

  "@esbuild/openbsd-x64@0.25.0":
    resolution:
      {
        integrity: sha512-2gwwriSMPcCFRlPlKx3zLQhfN/2WjJ2NSlg5TKLQOJdV0mSxIcYNTMhk3H3ulL/cak+Xj0lY1Ym9ysDV1igceg==,
      }
    engines: { node: ">=18" }
    cpu: [x64]
    os: [openbsd]

  "@esbuild/sunos-x64@0.25.0":
    resolution:
      {
        integrity: sha512-bxI7ThgLzPrPz484/S9jLlvUAHYMzy6I0XiU1ZMeAEOBcS0VePBFxh1JjTQt3Xiat5b6Oh4x7UC7IwKQKIJRIg==,
      }
    engines: { node: ">=18" }
    cpu: [x64]
    os: [sunos]

  "@esbuild/win32-arm64@0.25.0":
    resolution:
      {
        integrity: sha512-ZUAc2YK6JW89xTbXvftxdnYy3m4iHIkDtK3CLce8wg8M2L+YZhIvO1DKpxrd0Yr59AeNNkTiic9YLf6FTtXWMw==,
      }
    engines: { node: ">=18" }
    cpu: [arm64]
    os: [win32]

  "@esbuild/win32-ia32@0.25.0":
    resolution:
      {
        integrity: sha512-eSNxISBu8XweVEWG31/JzjkIGbGIJN/TrRoiSVZwZ6pkC6VX4Im/WV2cz559/TXLcYbcrDN8JtKgd9DJVIo8GA==,
      }
    engines: { node: ">=18" }
    cpu: [ia32]
    os: [win32]

  "@esbuild/win32-x64@0.25.0":
    resolution:
      {
        integrity: sha512-ZENoHJBxA20C2zFzh6AI4fT6RraMzjYw4xKWemRTRmRVtN9c5DcH9r/f2ihEkMjOW5eGgrwCslG/+Y/3bL+DHQ==,
      }
    engines: { node: ">=18" }
    cpu: [x64]
    os: [win32]

  "@jridgewell/gen-mapping@0.3.8":
    resolution:
      {
        integrity: sha512-imAbBGkb+ebQyxKgzv5Hu2nmROxoDOXHh80evxdoXNOrvAnVx7zimzc1Oo5h9RlfV4vPXaE2iM5pOFbvOCClWA==,
      }
    engines: { node: ">=6.0.0" }

  "@jridgewell/resolve-uri@3.1.2":
    resolution:
      {
        integrity: sha512-bRISgCIjP20/tbWSPWMEi54QVPRZExkuD9lJL+UIxUKtwVJA8wW1Trb1jMs1RFXo1CBTNZ/5hpC9QvmKWdopKw==,
      }
    engines: { node: ">=6.0.0" }

  "@jridgewell/set-array@1.2.1":
    resolution:
      {
        integrity: sha512-R8gLRTZeyp03ymzP/6Lil/28tGeGEzhx1q2k703KGWRAI1VdvPIXdG70VJc2pAMw3NA6JKL5hhFu1sJX0Mnn/A==,
      }
    engines: { node: ">=6.0.0" }

  "@jridgewell/sourcemap-codec@1.5.0":
    resolution:
      {
        integrity: sha512-gv3ZRaISU3fjPAgNsriBRqGWQL6quFx04YMPW/zD8XMLsU32mhCCbfbO6KZFLjvYpCZ8zyDEgqsgf+PwPaM7GQ==,
      }

  "@jridgewell/trace-mapping@0.3.25":
    resolution:
      {
        integrity: sha512-vNk6aEwybGtawWmy/PzwnGDOjCkLWSD2wqvjGGAgOAwCGWySYXfYoxt00IJkTF+8Lb57DwOb3Aa0o9CApepiYQ==,
      }

  "@rollup/rollup-android-arm-eabi@4.35.0":
    resolution:
      {
        integrity: sha512-uYQ2WfPaqz5QtVgMxfN6NpLD+no0MYHDBywl7itPYd3K5TjjSghNKmX8ic9S8NU8w81NVhJv/XojcHptRly7qQ==,
      }
    cpu: [arm]
    os: [android]

  "@rollup/rollup-android-arm64@4.35.0":
    resolution:
      {
        integrity: sha512-FtKddj9XZudurLhdJnBl9fl6BwCJ3ky8riCXjEw3/UIbjmIY58ppWwPEvU3fNu+W7FUsAsB1CdH+7EQE6CXAPA==,
      }
    cpu: [arm64]
    os: [android]

  "@rollup/rollup-darwin-arm64@4.35.0":
    resolution:
      {
        integrity: sha512-Uk+GjOJR6CY844/q6r5DR/6lkPFOw0hjfOIzVx22THJXMxktXG6CbejseJFznU8vHcEBLpiXKY3/6xc+cBm65Q==,
      }
    cpu: [arm64]
    os: [darwin]

  "@rollup/rollup-darwin-x64@4.35.0":
    resolution:
      {
        integrity: sha512-3IrHjfAS6Vkp+5bISNQnPogRAW5GAV1n+bNCrDwXmfMHbPl5EhTmWtfmwlJxFRUCBZ+tZ/OxDyU08aF6NI/N5Q==,
      }
    cpu: [x64]
    os: [darwin]

  "@rollup/rollup-freebsd-arm64@4.35.0":
    resolution:
      {
        integrity: sha512-sxjoD/6F9cDLSELuLNnY0fOrM9WA0KrM0vWm57XhrIMf5FGiN8D0l7fn+bpUeBSU7dCgPV2oX4zHAsAXyHFGcQ==,
      }
    cpu: [arm64]
    os: [freebsd]

  "@rollup/rollup-freebsd-x64@4.35.0":
    resolution:
      {
        integrity: sha512-2mpHCeRuD1u/2kruUiHSsnjWtHjqVbzhBkNVQ1aVD63CcexKVcQGwJ2g5VphOd84GvxfSvnnlEyBtQCE5hxVVw==,
      }
    cpu: [x64]
    os: [freebsd]

  "@rollup/rollup-linux-arm-gnueabihf@4.35.0":
    resolution:
      {
        integrity: sha512-mrA0v3QMy6ZSvEuLs0dMxcO2LnaCONs1Z73GUDBHWbY8tFFocM6yl7YyMu7rz4zS81NDSqhrUuolyZXGi8TEqg==,
      }
    cpu: [arm]
    os: [linux]

  "@rollup/rollup-linux-arm-musleabihf@4.35.0":
    resolution:
      {
        integrity: sha512-DnYhhzcvTAKNexIql8pFajr0PiDGrIsBYPRvCKlA5ixSS3uwo/CWNZxB09jhIapEIg945KOzcYEAGGSmTSpk7A==,
      }
    cpu: [arm]
    os: [linux]

  "@rollup/rollup-linux-arm64-gnu@4.35.0":
    resolution:
      {
        integrity: sha512-uagpnH2M2g2b5iLsCTZ35CL1FgyuzzJQ8L9VtlJ+FckBXroTwNOaD0z0/UF+k5K3aNQjbm8LIVpxykUOQt1m/A==,
      }
    cpu: [arm64]
    os: [linux]

  "@rollup/rollup-linux-arm64-musl@4.35.0":
    resolution:
      {
        integrity: sha512-XQxVOCd6VJeHQA/7YcqyV0/88N6ysSVzRjJ9I9UA/xXpEsjvAgDTgH3wQYz5bmr7SPtVK2TsP2fQ2N9L4ukoUg==,
      }
    cpu: [arm64]
    os: [linux]

  "@rollup/rollup-linux-loongarch64-gnu@4.35.0":
    resolution:
      {
        integrity: sha512-5pMT5PzfgwcXEwOaSrqVsz/LvjDZt+vQ8RT/70yhPU06PTuq8WaHhfT1LW+cdD7mW6i/J5/XIkX/1tCAkh1W6g==,
      }
    cpu: [loong64]
    os: [linux]

  "@rollup/rollup-linux-powerpc64le-gnu@4.35.0":
    resolution:
      {
        integrity: sha512-c+zkcvbhbXF98f4CtEIP1EBA/lCic5xB0lToneZYvMeKu5Kamq3O8gqrxiYYLzlZH6E3Aq+TSW86E4ay8iD8EA==,
      }
    cpu: [ppc64]
    os: [linux]

  "@rollup/rollup-linux-riscv64-gnu@4.35.0":
    resolution:
      {
        integrity: sha512-s91fuAHdOwH/Tad2tzTtPX7UZyytHIRR6V4+2IGlV0Cej5rkG0R61SX4l4y9sh0JBibMiploZx3oHKPnQBKe4g==,
      }
    cpu: [riscv64]
    os: [linux]

  "@rollup/rollup-linux-s390x-gnu@4.35.0":
    resolution:
      {
        integrity: sha512-hQRkPQPLYJZYGP+Hj4fR9dDBMIM7zrzJDWFEMPdTnTy95Ljnv0/4w/ixFw3pTBMEuuEuoqtBINYND4M7ujcuQw==,
      }
    cpu: [s390x]
    os: [linux]

  "@rollup/rollup-linux-x64-gnu@4.35.0":
    resolution:
      {
        integrity: sha512-Pim1T8rXOri+0HmV4CdKSGrqcBWX0d1HoPnQ0uw0bdp1aP5SdQVNBy8LjYncvnLgu3fnnCt17xjWGd4cqh8/hA==,
      }
    cpu: [x64]
    os: [linux]

  "@rollup/rollup-linux-x64-musl@4.35.0":
    resolution:
      {
        integrity: sha512-QysqXzYiDvQWfUiTm8XmJNO2zm9yC9P/2Gkrwg2dH9cxotQzunBHYr6jk4SujCTqnfGxduOmQcI7c2ryuW8XVg==,
      }
    cpu: [x64]
    os: [linux]

  "@rollup/rollup-win32-arm64-msvc@4.35.0":
    resolution:
      {
        integrity: sha512-OUOlGqPkVJCdJETKOCEf1mw848ZyJ5w50/rZ/3IBQVdLfR5jk/6Sr5m3iO2tdPgwo0x7VcncYuOvMhBWZq8ayg==,
      }
    cpu: [arm64]
    os: [win32]

  "@rollup/rollup-win32-ia32-msvc@4.35.0":
    resolution:
      {
        integrity: sha512-2/lsgejMrtwQe44glq7AFFHLfJBPafpsTa6JvP2NGef/ifOa4KBoglVf7AKN7EV9o32evBPRqfg96fEHzWo5kw==,
      }
    cpu: [ia32]
    os: [win32]

  "@rollup/rollup-win32-x64-msvc@4.35.0":
    resolution:
      {
        integrity: sha512-PIQeY5XDkrOysbQblSW7v3l1MDZzkTEzAfTPkj5VAu3FW8fS4ynyLg2sINp0fp3SjZ8xkRYpLqoKcYqAkhU1dw==,
      }
    cpu: [x64]
    os: [win32]

  "@sveltejs/acorn-typescript@1.0.5":
    resolution:
      {
        integrity: sha512-IwQk4yfwLdibDlrXVE04jTZYlLnwsTT2PIOQQGNLWfjavGifnk1JD1LcZjZaBTRcxZu2FfPfNLOE04DSu9lqtQ==,
      }
    peerDependencies:
      acorn: ^8.9.0

  "@sveltejs/vite-plugin-svelte-inspector@4.0.1":
    resolution:
      {
        integrity: sha512-J/Nmb2Q2y7mck2hyCX4ckVHcR5tu2J+MtBEQqpDrrgELZ2uvraQcK/ioCV61AqkdXFgriksOKIceDcQmqnGhVw==,
      }
    engines: { node: ^18.0.0 || ^20.0.0 || >=22 }
    peerDependencies:
      "@sveltejs/vite-plugin-svelte": ^5.0.0
      svelte: ^5.0.0
      vite: ^6.0.0

  "@sveltejs/vite-plugin-svelte@5.0.3":
    resolution:
      {
        integrity: sha512-MCFS6CrQDu1yGwspm4qtli0e63vaPCehf6V7pIMP15AsWgMKrqDGCPFF/0kn4SP0ii4aySu4Pa62+fIRGFMjgw==,
      }
    engines: { node: ^18.0.0 || ^20.0.0 || >=22 }
    peerDependencies:
      svelte: ^5.0.0
      vite: ^6.0.0

  "@tauri-apps/api@2.3.0":
    resolution:
      {
        integrity: sha512-33Z+0lX2wgZbx1SPFfqvzI6su63hCBkbzv+5NexeYjIx7WA9htdOKoRR7Dh3dJyltqS5/J8vQFyybiRoaL0hlA==,
      }

  "@tauri-apps/cli-darwin-arm64@2.3.1":
    resolution:
      {
        integrity: sha512-TOhSdsXYt+f+asRU+Dl+Wufglj/7+CX9h8RO4hl5k7D6lR4L8yTtdhpS7btaclOMmjYC4piNfJE70GoxhOoYWw==,
      }
    engines: { node: ">= 10" }
    cpu: [arm64]
    os: [darwin]

  "@tauri-apps/cli-darwin-x64@2.3.1":
    resolution:
      {
        integrity: sha512-LDwGg3AuBQ3aCeMAFaFwt0MSGOVFoXuXEe0z4QxQ7jZE5tdAOhKABaq4i569V5lShCgQZ6nLD/tmA5+GipvHnA==,
      }
    engines: { node: ">= 10" }
    cpu: [x64]
    os: [darwin]

  "@tauri-apps/cli-linux-arm-gnueabihf@2.3.1":
    resolution:
      {
        integrity: sha512-hu3HpbbtJBvHXw5i54QHwLxOUoXWqhf7CL2YYSPOrWEEQo10NKddulP61L5gfr5z+bSSaitfLwqgTidgnaNJCA==,
      }
    engines: { node: ">= 10" }
    cpu: [arm]
    os: [linux]

  "@tauri-apps/cli-linux-arm64-gnu@2.3.1":
    resolution:
      {
        integrity: sha512-mEGgwkiGSKYXWHhGodo7zU9PCd2I/d6KkR+Wp1nzK+DxsCrEK6yJ5XxYLSQSDcKkM4dCxpVEPUiVMbDhmn08jg==,
      }
    engines: { node: ">= 10" }
    cpu: [arm64]
    os: [linux]

  "@tauri-apps/cli-linux-arm64-musl@2.3.1":
    resolution:
      {
        integrity: sha512-tqQkafikGfnc7ISnGjSYkbpnzJKEyO8XSa0YOXTAL3J8R5Pss5ZIZY7G8kq1mwQSR/dPVR1ZLTVXgZGuysjP8w==,
      }
    engines: { node: ">= 10" }
    cpu: [arm64]
    os: [linux]

  "@tauri-apps/cli-linux-x64-gnu@2.3.1":
    resolution:
      {
        integrity: sha512-I3puDJ2wGEauXlXbzIHn2etz78TaWs1cpN6zre02maHr6ZR7nf7euTCOGPhhfoMG0opA5mT/eLuYpVw648/VAA==,
      }
    engines: { node: ">= 10" }
    cpu: [x64]
    os: [linux]

  "@tauri-apps/cli-linux-x64-musl@2.3.1":
    resolution:
      {
        integrity: sha512-rbWiCOBuQN7tPySkUyBs914uUikE3mEUOqV/IFospvKESw4UC3G1DL5+ybfXH7Orb8/in3JpJuVzYQjo+OSbBA==,
      }
    engines: { node: ">= 10" }
    cpu: [x64]
    os: [linux]

  "@tauri-apps/cli-win32-arm64-msvc@2.3.1":
    resolution:
      {
        integrity: sha512-PdTmUzSeTHjJuBpCV7L+V29fPhPtToU+NZU46slHKSA1aT38MiFDXBZ/6P5Zudrt9QPMfIubqnJKbK8Ivvv7Ww==,
      }
    engines: { node: ">= 10" }
    cpu: [arm64]
    os: [win32]

  "@tauri-apps/cli-win32-ia32-msvc@2.3.1":
    resolution:
      {
        integrity: sha512-K/Xa97kspWT4UWj3t26lL2D3QsopTAxS7kWi5kObdqtAGn3qD52qBi24FH38TdvHYz4QlnLIb30TukviCgh4gw==,
      }
    engines: { node: ">= 10" }
    cpu: [ia32]
    os: [win32]

  "@tauri-apps/cli-win32-x64-msvc@2.3.1":
    resolution:
      {
        integrity: sha512-RgwzXbP8gAno3kQEsybMtgLp6D1Z1Nec2cftryYbPTJmoMJs6e4qgtxuTSbUz5SKnHe8rGgMiFSvEGoHvbG72Q==,
      }
    engines: { node: ">= 10" }
    cpu: [x64]
    os: [win32]

  "@tauri-apps/cli@2.3.1":
    resolution:
      {
        integrity: sha512-xewcw/ZsCqgilTy2h7+pp2Baxoy7zLR2wXOV7SZLzkb6SshHVbm1BFAjn8iFATURRW85KLzl6wSGJ2dQHjVHqw==,
      }
    engines: { node: ">= 10" }
    hasBin: true

  "@types/estree@1.0.6":
    resolution:
      {
        integrity: sha512-AYnb1nQyY49te+VRAVgmzfcgjYS91mY5P0TKUDCLEM+gNnA+3T6rWITXRLYCpahpqSQbN5cE+gHpnPyXjHWxcw==,
      }

  acorn@8.14.1:
    resolution:
      {
        integrity: sha512-OvQ/2pUDKmgfCg++xsTX1wGxfTaszcHVcTctW4UJB4hibJx2HXxxO5UmVgyjMa+ZDsiaf5wWLXYpRWMmBI0QHg==,
      }
    engines: { node: ">=0.4.0" }
    hasBin: true

  aria-query@5.3.2:
    resolution:
      {
        integrity: sha512-COROpnaoap1E2F000S62r6A60uHZnmlvomhfyT2DlTcrY1OrBKn2UhH7qn5wTC9zMvD0AY7csdPSNwKP+7WiQw==,
      }
    engines: { node: ">= 0.4" }

  axobject-query@4.1.0:
    resolution:
      {
        integrity: sha512-qIj0G9wZbMGNLjLmg1PT6v2mE9AH2zlnADJD/2tC6E00hgmhUOfEB6greHPAfLRSufHqROIUTkw6E+M3lH0PTQ==,
      }
    engines: { node: ">= 0.4" }

  clsx@2.1.1:
    resolution:
      {
        integrity: sha512-eYm0QWBtUrBWZWG0d386OGAw16Z995PiOVo2B7bjWSbHedGl5e0ZWaq65kOGgUSNesEIDkB9ISbTg/JK9dhCZA==,
      }
    engines: { node: ">=6" }

  debug@4.4.0:
    resolution:
      {
        integrity: sha512-6WTZ/IxCY/T6BALoZHaE4ctp9xm+Z5kY/pzYaCHRFeyVhojxlrm+46y68HA6hr0TcwEssoxNiDEUJQjfPZ/RYA==,
      }
    engines: { node: ">=6.0" }
    peerDependencies:
      supports-color: "*"
    peerDependenciesMeta:
      supports-color:
        optional: true

  deepmerge@4.3.1:
    resolution:
      {
        integrity: sha512-3sUqbMEc77XqpdNO7FRyRog+eW3ph+GYCbj+rK+uYyRMuwsVy0rMiVtPn+QJlKFvWP/1PYpapqYn0Me2knFn+A==,
      }
    engines: { node: ">=0.10.0" }

  esbuild@0.25.0:
    resolution:
      {
        integrity: sha512-BXq5mqc8ltbaN34cDqWuYKyNhX8D/Z0J1xdtdQ8UcIIIyJyz+ZMKUt58tF3SrZ85jcfN/PZYhjR5uDQAYNVbuw==,
      }
    engines: { node: ">=18" }
    hasBin: true

  esm-env@1.2.2:
    resolution:
      {
        integrity: sha512-Epxrv+Nr/CaL4ZcFGPJIYLWFom+YeV1DqMLHJoEd9SYRxNbaFruBwfEX/kkHUJf55j2+TUbmDcmuilbP1TmXHA==,
      }

  esrap@1.4.5:
    resolution:
      {
        integrity: sha512-CjNMjkBWWZeHn+VX+gS8YvFwJ5+NDhg8aWZBSFJPR8qQduDNjbJodA2WcwCm7uQa5Rjqj+nZvVmceg1RbHFB9g==,
      }

  fsevents@2.3.3:
    resolution:
      {
        integrity: sha512-5xoDfX+fL7faATnagmWPpbFtwh/R77WmMMqqHGS65C3vvB0YHrgF+B1YmZ3441tMj5n63k0212XNoJwzlhffQw==,
      }
    engines: { node: ^8.16.0 || ^10.6.0 || >=11.0.0 }
    os: [darwin]

  is-reference@3.0.3:
    resolution:
      {
        integrity: sha512-ixkJoqQvAP88E6wLydLGGqCJsrFUnqoH6HnaczB8XmDH1oaWU+xxdptvikTgaEhtZ53Ky6YXiBuUI2WXLMCwjw==,
      }

  kleur@4.1.5:
    resolution:
      {
        integrity: sha512-o+NO+8WrRiQEE4/7nwRJhN1HWpVmJm511pBHUxPLtp0BUISzlBplORYSmTclCnJvQq2tKu/sgl3xVpkc7ZWuQQ==,
      }
    engines: { node: ">=6" }

  locate-character@3.0.0:
    resolution:
      {
        integrity: sha512-SW13ws7BjaeJ6p7Q6CO2nchbYEc3X3J6WrmTTDto7yMPqVSZTUyY5Tjbid+Ab8gLnATtygYtiDIJGQRRn2ZOiA==,
      }

  magic-string@0.30.17:
    resolution:
      {
        integrity: sha512-sNPKHvyjVf7gyjwS4xGTaW/mCnF8wnjtifKBEhxfZ7E/S8tQ0rssrwGNn6q8JH/ohItJfSQp9mBtQYuTlH5QnA==,
      }

  ms@2.1.3:
    resolution:
      {
        integrity: sha512-6FlzubTLZG3J2a/NVCAleEhjzq5oxgHyaCU9yYXvcLsvoVaHJq/s5xXI6/XXP6tz7R9xAOtHnSO/tXtF3WRTlA==,
      }

  nanoid@3.3.9:
    resolution:
      {
        integrity: sha512-SppoicMGpZvbF1l3z4x7No3OlIjP7QJvC9XR7AhZr1kL133KHnKPztkKDc+Ir4aJ/1VhTySrtKhrsycmrMQfvg==,
      }
    engines: { node: ^10 || ^12 || ^13.7 || ^14 || >=15.0.1 }
    hasBin: true

  picocolors@1.1.1:
    resolution:
      {
        integrity: sha512-xceH2snhtb5M9liqDsmEw56le376mTZkEX/jEb/RxNFyegNul7eNslCXP9FDj/Lcu0X8KEyMceP2ntpaHrDEVA==,
      }

  postcss@8.5.3:
    resolution:
      {
        integrity: sha512-dle9A3yYxlBSrt8Fu+IpjGT8SY8hN0mlaA6GY8t0P5PjIOZemULz/E2Bnm/2dcUOena75OTNkHI76uZBNUUq3A==,
      }
    engines: { node: ^10 || ^12 || >=14 }

  rollup@4.35.0:
    resolution:
      {
        integrity: sha512-kg6oI4g+vc41vePJyO6dHt/yl0Rz3Thv0kJeVQ3D1kS3E5XSuKbPc29G4IpT/Kv1KQwgHVcN+HtyS+HYLNSvQg==,
      }
    engines: { node: ">=18.0.0", npm: ">=8.0.0" }
    hasBin: true

  source-map-js@1.2.1:
    resolution:
      {
        integrity: sha512-UXWMKhLOwVKb728IUtQPXxfYU+usdybtUrK/8uGE8CQMvrhOpwvzDBwj0QhSL7MQc7vIsISBG8VQ8+IDQxpfQA==,
      }
    engines: { node: ">=0.10.0" }

  svelte@5.22.6:
    resolution:
      {
        integrity: sha512-dxHyh3USJyayafSt5I5QD7KuoCM5ZGdIOtLQiKHEro7tymdh0jMcNkiSBVHW+LOA2jEqZEHhyfwN6/pCjx0Fug==,
      }
    engines: { node: ">=18" }

  tauri-plugin-mihomo-api@file:../..:
    resolution: { directory: ../.., type: directory }

  vite@6.2.1:
    resolution:
      {
        integrity: sha512-n2GnqDb6XPhlt9B8olZPrgMD/es/Nd1RdChF6CBD/fHW6pUyUTt2sQW2fPRX5GiD9XEa6+8A6A4f2vT6pSsE7Q==,
      }
    engines: { node: ^18.0.0 || ^20.0.0 || >=22.0.0 }
    hasBin: true
    peerDependencies:
      "@types/node": ^18.0.0 || ^20.0.0 || >=22.0.0
      jiti: ">=1.21.0"
      less: "*"
      lightningcss: ^1.21.0
      sass: "*"
      sass-embedded: "*"
      stylus: "*"
      sugarss: "*"
      terser: ^5.16.0
      tsx: ^4.8.1
      yaml: ^2.4.2
    peerDependenciesMeta:
      "@types/node":
        optional: true
      jiti:
        optional: true
      less:
        optional: true
      lightningcss:
        optional: true
      sass:
        optional: true
      sass-embedded:
        optional: true
      stylus:
        optional: true
      sugarss:
        optional: true
      terser:
        optional: true
      tsx:
        optional: true
      yaml:
        optional: true

  vitefu@1.0.6:
    resolution:
      {
        integrity: sha512-+Rex1GlappUyNN6UfwbVZne/9cYC4+R2XDk9xkNXBKMw6HQagdX9PgZ8V2v1WUSK1wfBLp7qbI1+XSNIlB1xmA==,
      }
    peerDependencies:
      vite: ^3.0.0 || ^4.0.0 || ^5.0.0 || ^6.0.0
    peerDependenciesMeta:
      vite:
        optional: true

  yaml@2.7.0:
    resolution:
      {
        integrity: sha512-+hSoy/QHluxmC9kCIJyL/uyFmLmc+e5CFR5Wa+bpIhIj85LVb9ZH2nVnqrHoSvKogwODv0ClqZkmiSSaIH5LTA==,
      }
    engines: { node: ">= 14" }
    hasBin: true

  zimmerframe@1.1.2:
    resolution:
      {
        integrity: sha512-rAbqEGa8ovJy4pyBxZM70hg4pE6gDgaQ0Sl9M3enG3I0d6H4XSAM3GeNGLKnsBpuijUow064sf7ww1nutC5/3w==,
      }

snapshots:
  "@ampproject/remapping@2.3.0":
    dependencies:
      "@jridgewell/gen-mapping": 0.3.8
      "@jridgewell/trace-mapping": 0.3.25

  "@esbuild/aix-ppc64@0.25.0":
    optional: true

  "@esbuild/android-arm64@0.25.0":
    optional: true

  "@esbuild/android-arm@0.25.0":
    optional: true

  "@esbuild/android-x64@0.25.0":
    optional: true

  "@esbuild/darwin-arm64@0.25.0":
    optional: true

  "@esbuild/darwin-x64@0.25.0":
    optional: true

  "@esbuild/freebsd-arm64@0.25.0":
    optional: true

  "@esbuild/freebsd-x64@0.25.0":
    optional: true

  "@esbuild/linux-arm64@0.25.0":
    optional: true

  "@esbuild/linux-arm@0.25.0":
    optional: true

  "@esbuild/linux-ia32@0.25.0":
    optional: true

  "@esbuild/linux-loong64@0.25.0":
    optional: true

  "@esbuild/linux-mips64el@0.25.0":
    optional: true

  "@esbuild/linux-ppc64@0.25.0":
    optional: true

  "@esbuild/linux-riscv64@0.25.0":
    optional: true

  "@esbuild/linux-s390x@0.25.0":
    optional: true

  "@esbuild/linux-x64@0.25.0":
    optional: true

  "@esbuild/netbsd-arm64@0.25.0":
    optional: true

  "@esbuild/netbsd-x64@0.25.0":
    optional: true

  "@esbuild/openbsd-arm64@0.25.0":
    optional: true

  "@esbuild/openbsd-x64@0.25.0":
    optional: true

  "@esbuild/sunos-x64@0.25.0":
    optional: true

  "@esbuild/win32-arm64@0.25.0":
    optional: true

  "@esbuild/win32-ia32@0.25.0":
    optional: true

  "@esbuild/win32-x64@0.25.0":
    optional: true

  "@jridgewell/gen-mapping@0.3.8":
    dependencies:
      "@jridgewell/set-array": 1.2.1
      "@jridgewell/sourcemap-codec": 1.5.0
      "@jridgewell/trace-mapping": 0.3.25

  "@jridgewell/resolve-uri@3.1.2": {}

  "@jridgewell/set-array@1.2.1": {}

  "@jridgewell/sourcemap-codec@1.5.0": {}

  "@jridgewell/trace-mapping@0.3.25":
    dependencies:
      "@jridgewell/resolve-uri": 3.1.2
      "@jridgewell/sourcemap-codec": 1.5.0

  "@rollup/rollup-android-arm-eabi@4.35.0":
    optional: true

  "@rollup/rollup-android-arm64@4.35.0":
    optional: true

  "@rollup/rollup-darwin-arm64@4.35.0":
    optional: true

  "@rollup/rollup-darwin-x64@4.35.0":
    optional: true

  "@rollup/rollup-freebsd-arm64@4.35.0":
    optional: true

  "@rollup/rollup-freebsd-x64@4.35.0":
    optional: true

  "@rollup/rollup-linux-arm-gnueabihf@4.35.0":
    optional: true

  "@rollup/rollup-linux-arm-musleabihf@4.35.0":
    optional: true

  "@rollup/rollup-linux-arm64-gnu@4.35.0":
    optional: true

  "@rollup/rollup-linux-arm64-musl@4.35.0":
    optional: true

  "@rollup/rollup-linux-loongarch64-gnu@4.35.0":
    optional: true

  "@rollup/rollup-linux-powerpc64le-gnu@4.35.0":
    optional: true

  "@rollup/rollup-linux-riscv64-gnu@4.35.0":
    optional: true

  "@rollup/rollup-linux-s390x-gnu@4.35.0":
    optional: true

  "@rollup/rollup-linux-x64-gnu@4.35.0":
    optional: true

  "@rollup/rollup-linux-x64-musl@4.35.0":
    optional: true

  "@rollup/rollup-win32-arm64-msvc@4.35.0":
    optional: true

  "@rollup/rollup-win32-ia32-msvc@4.35.0":
    optional: true

  "@rollup/rollup-win32-x64-msvc@4.35.0":
    optional: true

  "@sveltejs/acorn-typescript@1.0.5(acorn@8.14.1)":
    dependencies:
      acorn: 8.14.1

  "@sveltejs/vite-plugin-svelte-inspector@4.0.1(@sveltejs/vite-plugin-svelte@5.0.3(svelte@5.22.6)(vite@6.2.1(yaml@2.7.0)))(svelte@5.22.6)(vite@6.2.1(yaml@2.7.0))":
    dependencies:
      "@sveltejs/vite-plugin-svelte": 5.0.3(svelte@5.22.6)(vite@6.2.1(yaml@2.7.0))
      debug: 4.4.0
      svelte: 5.22.6
      vite: 6.2.1(yaml@2.7.0)
    transitivePeerDependencies:
      - supports-color

  "@sveltejs/vite-plugin-svelte@5.0.3(svelte@5.22.6)(vite@6.2.1(yaml@2.7.0))":
    dependencies:
      "@sveltejs/vite-plugin-svelte-inspector": 4.0.1(@sveltejs/vite-plugin-svelte@5.0.3(svelte@5.22.6)(vite@6.2.1(yaml@2.7.0)))(svelte@5.22.6)(vite@6.2.1(yaml@2.7.0))
      debug: 4.4.0
      deepmerge: 4.3.1
      kleur: 4.1.5
      magic-string: 0.30.17
      svelte: 5.22.6
      vite: 6.2.1(yaml@2.7.0)
      vitefu: 1.0.6(vite@6.2.1(yaml@2.7.0))
    transitivePeerDependencies:
      - supports-color

  "@tauri-apps/api@2.3.0": {}

  "@tauri-apps/cli-darwin-arm64@2.3.1":
    optional: true

  "@tauri-apps/cli-darwin-x64@2.3.1":
    optional: true

  "@tauri-apps/cli-linux-arm-gnueabihf@2.3.1":
    optional: true

  "@tauri-apps/cli-linux-arm64-gnu@2.3.1":
    optional: true

  "@tauri-apps/cli-linux-arm64-musl@2.3.1":
    optional: true

  "@tauri-apps/cli-linux-x64-gnu@2.3.1":
    optional: true

  "@tauri-apps/cli-linux-x64-musl@2.3.1":
    optional: true

  "@tauri-apps/cli-win32-arm64-msvc@2.3.1":
    optional: true

  "@tauri-apps/cli-win32-ia32-msvc@2.3.1":
    optional: true

  "@tauri-apps/cli-win32-x64-msvc@2.3.1":
    optional: true

  "@tauri-apps/cli@2.3.1":
    optionalDependencies:
      "@tauri-apps/cli-darwin-arm64": 2.3.1
      "@tauri-apps/cli-darwin-x64": 2.3.1
      "@tauri-apps/cli-linux-arm-gnueabihf": 2.3.1
      "@tauri-apps/cli-linux-arm64-gnu": 2.3.1
      "@tauri-apps/cli-linux-arm64-musl": 2.3.1
      "@tauri-apps/cli-linux-x64-gnu": 2.3.1
      "@tauri-apps/cli-linux-x64-musl": 2.3.1
      "@tauri-apps/cli-win32-arm64-msvc": 2.3.1
      "@tauri-apps/cli-win32-ia32-msvc": 2.3.1
      "@tauri-apps/cli-win32-x64-msvc": 2.3.1

  "@types/estree@1.0.6": {}

  acorn@8.14.1: {}

  aria-query@5.3.2: {}

  axobject-query@4.1.0: {}

  clsx@2.1.1: {}

  debug@4.4.0:
    dependencies:
      ms: 2.1.3

  deepmerge@4.3.1: {}

  esbuild@0.25.0:
    optionalDependencies:
      "@esbuild/aix-ppc64": 0.25.0
      "@esbuild/android-arm": 0.25.0
      "@esbuild/android-arm64": 0.25.0
      "@esbuild/android-x64": 0.25.0
      "@esbuild/darwin-arm64": 0.25.0
      "@esbuild/darwin-x64": 0.25.0
      "@esbuild/freebsd-arm64": 0.25.0
      "@esbuild/freebsd-x64": 0.25.0
      "@esbuild/linux-arm": 0.25.0
      "@esbuild/linux-arm64": 0.25.0
      "@esbuild/linux-ia32": 0.25.0
      "@esbuild/linux-loong64": 0.25.0
      "@esbuild/linux-mips64el": 0.25.0
      "@esbuild/linux-ppc64": 0.25.0
      "@esbuild/linux-riscv64": 0.25.0
      "@esbuild/linux-s390x": 0.25.0
      "@esbuild/linux-x64": 0.25.0
      "@esbuild/netbsd-arm64": 0.25.0
      "@esbuild/netbsd-x64": 0.25.0
      "@esbuild/openbsd-arm64": 0.25.0
      "@esbuild/openbsd-x64": 0.25.0
      "@esbuild/sunos-x64": 0.25.0
      "@esbuild/win32-arm64": 0.25.0
      "@esbuild/win32-ia32": 0.25.0
      "@esbuild/win32-x64": 0.25.0

  esm-env@1.2.2: {}

  esrap@1.4.5:
    dependencies:
      "@jridgewell/sourcemap-codec": 1.5.0

  fsevents@2.3.3:
    optional: true

  is-reference@3.0.3:
    dependencies:
      "@types/estree": 1.0.6

  kleur@4.1.5: {}

  locate-character@3.0.0: {}

  magic-string@0.30.17:
    dependencies:
      "@jridgewell/sourcemap-codec": 1.5.0

  ms@2.1.3: {}

  nanoid@3.3.9: {}

  picocolors@1.1.1: {}

  postcss@8.5.3:
    dependencies:
      nanoid: 3.3.9
      picocolors: 1.1.1
      source-map-js: 1.2.1

  rollup@4.35.0:
    dependencies:
      "@types/estree": 1.0.6
    optionalDependencies:
      "@rollup/rollup-android-arm-eabi": 4.35.0
      "@rollup/rollup-android-arm64": 4.35.0
      "@rollup/rollup-darwin-arm64": 4.35.0
      "@rollup/rollup-darwin-x64": 4.35.0
      "@rollup/rollup-freebsd-arm64": 4.35.0
      "@rollup/rollup-freebsd-x64": 4.35.0
      "@rollup/rollup-linux-arm-gnueabihf": 4.35.0
      "@rollup/rollup-linux-arm-musleabihf": 4.35.0
      "@rollup/rollup-linux-arm64-gnu": 4.35.0
      "@rollup/rollup-linux-arm64-musl": 4.35.0
      "@rollup/rollup-linux-loongarch64-gnu": 4.35.0
      "@rollup/rollup-linux-powerpc64le-gnu": 4.35.0
      "@rollup/rollup-linux-riscv64-gnu": 4.35.0
      "@rollup/rollup-linux-s390x-gnu": 4.35.0
      "@rollup/rollup-linux-x64-gnu": 4.35.0
      "@rollup/rollup-linux-x64-musl": 4.35.0
      "@rollup/rollup-win32-arm64-msvc": 4.35.0
      "@rollup/rollup-win32-ia32-msvc": 4.35.0
      "@rollup/rollup-win32-x64-msvc": 4.35.0
      fsevents: 2.3.3

  source-map-js@1.2.1: {}

  svelte@5.22.6:
    dependencies:
      "@ampproject/remapping": 2.3.0
      "@jridgewell/sourcemap-codec": 1.5.0
      "@sveltejs/acorn-typescript": 1.0.5(acorn@8.14.1)
      "@types/estree": 1.0.6
      acorn: 8.14.1
      aria-query: 5.3.2
      axobject-query: 4.1.0
      clsx: 2.1.1
      esm-env: 1.2.2
      esrap: 1.4.5
      is-reference: 3.0.3
      locate-character: 3.0.0
      magic-string: 0.30.17
      zimmerframe: 1.1.2

  tauri-plugin-mihomo-api@file:../..:
    dependencies:
      "@tauri-apps/api": 2.3.0

  vite@6.2.1(yaml@2.7.0):
    dependencies:
      esbuild: 0.25.0
      postcss: 8.5.3
      rollup: 4.35.0
    optionalDependencies:
      fsevents: 2.3.3
      yaml: 2.7.0

  vitefu@1.0.6(vite@6.2.1(yaml@2.7.0)):
    optionalDependencies:
      vite: 6.2.1(yaml@2.7.0)

  yaml@2.7.0:
    optional: true

  zimmerframe@1.1.2: {}
